{
  "pins" : [
    {
      "identity" : "asn1swift",
      "kind" : "remoteSourceControl",
      "location" : "https://github.com/tikhop/ASN1Swift.git",
      "state" : {
        "revision" : "403cd95194e6a962e16db7c0d373d89fce83e0f7",
        "version" : "1.2.7"
      }
    },
    {
      "identity" : "aws-appsync-realtime-client-ios",
      "kind" : "remoteSourceControl",
      "location" : "https://github.com/aws-amplify/aws-appsync-realtime-client-ios.git",
      "state" : {
        "revision" : "9fd77b043e06193848a68740dfde0836648b2b4e",
        "version" : "3.2.0"
      }
    },
    {
      "identity" : "aws-mobile-appsync-sdk-ios",
      "kind" : "remoteSourceControl",
      "location" : "https://github.com/awslabs/aws-mobile-appsync-sdk-ios.git",
      "state" : {
        "branch" : "3.7.2",
        "revision" : "589d58ba0e2ae7eac0058235f27bf2b41f66fb85"
      }
    },
    {
      "identity" : "aws-sdk-ios-spm",
      "kind" : "remoteSourceControl",
      "location" : "https://github.com/aws-amplify/aws-sdk-ios-spm.git",
      "state" : {
        "revision" : "048ba8f55deb04dd399c0c3a61b4addf54e0c36b",
        "version" : "2.36.7"
      }
    },
    {
      "identity" : "gzipswift",
      "kind" : "remoteSourceControl",
      "location" : "https://github.com/1024jp/GzipSwift",
      "state" : {
        "revision" : "7a7f17761c76a932662ab77028a4329f67d645a4",
        "version" : "5.2.0"
      }
    },
    {
      "identity" : "sqlite.swift",
      "kind" : "remoteSourceControl",
      "location" : "https://github.com/stephencelis/SQLite.swift.git",
      "state" : {
        "revision" : "0a9893ec030501a3956bee572d6b4fdd3ae158a1",
        "version" : "0.12.2"
      }
    },
    {
      "identity" : "starscream",
      "kind" : "remoteSourceControl",
      "location" : "https://github.com/daltoniam/Starscream.git",
      "state" : {
        "revision" : "c6bfd1af48efcc9a9ad203665db12375ba6b145a",
        "version" : "4.0.8"
      }
    },
    {
      "identity" : "sudo-config-manager-ios",
      "kind" : "remoteSourceControl",
      "location" : "https://github.com/sudoplatform/sudo-config-manager-ios",
      "state" : {
        "revision" : "5fdd6dfcad8b447adc18cf59a49945f79911cccb",
        "version" : "4.0.0"
      }
    },
    {
      "identity" : "sudo-key-manager-ios",
      "kind" : "remoteSourceControl",
      "location" : "https://github.com/sudoplatform/sudo-key-manager-ios",
      "state" : {
        "revision" : "03cefa8fa54c951be43f9547eaab2ddbb13933e6",
        "version" : "4.0.0"
      }
    },
    {
      "identity" : "sudo-logging-ios",
      "kind" : "remoteSourceControl",
      "location" : "https://github.com/sudoplatform/sudo-logging-ios",
      "state" : {
        "revision" : "c1de608ee27bc133cf9657af9c290aa17ec3f133",
        "version" : "2.0.0"
      }
    }
  ],
  "version" : 2
}
