// !$*UTF8*$!
{
	archiveVersion = 1;
	classes = {
	};
	objectVersion = 51;
	objects = {

/* Begin PBXBuildFile section */
		2071A658D1DD234A13C521BD /* Pods_SudoUserIntegrationTests.framework in Frameworks */ = {isa = PBXBuildFile; fileRef = 72EF0BCFE9C346079D80AA7D /* Pods_SudoUserIntegrationTests.framework */; };
		587F6AC7C9A498AFE9981AAE /* Pods_SudoUserTests.framework in Frameworks */ = {isa = PBXBuildFile; fileRef = C449D9E19B55083AD9E5E4C4 /* Pods_SudoUserTests.framework */; };
		D748693D670F209762DEA0AB /* Pods_SudoUser.framework in Frameworks */ = {isa = PBXBuildFile; fileRef = A0CCCA90D2ADF7A7578DD1FE /* Pods_SudoUser.framework */; };
		D901A9E123D6C44400A3FC70 /* sudoplatformconfig.json in Resources */ = {isa = PBXBuildFile; fileRef = D901A9E023D6C44400A3FC70 /* sudoplatformconfig.json */; };
		D902C23E22792EDE0076F802 /* sandboxReceipt in Resources */ = {isa = PBXBuildFile; fileRef = D9F1002F2264302C00008B3F /* sandboxReceipt */; };
		D903B6ED23275A7A00B16E30 /* AuthUI.swift in Sources */ = {isa = PBXBuildFile; fileRef = D903B6EC23275A7A00B16E30 /* AuthUI.swift */; };
		D9156AF9249B306900B0EF74 /* SignInStatusObserver.swift in Sources */ = {isa = PBXBuildFile; fileRef = D9156AF8249B306900B0EF74 /* SignInStatusObserver.swift */; };
		D928A86D22D8558600D270B6 /* Auth0.plist in Resources */ = {isa = PBXBuildFile; fileRef = D928A86C22D8558600D270B6 /* Auth0.plist */; };
		D92CD5EF25BA904800E44057 /* AlertManager.swift in Sources */ = {isa = PBXBuildFile; fileRef = D92CD5EE25BA904800E44057 /* AlertManager.swift */; };
		D93EEC56228A6EC600535062 /* Data.swift in Sources */ = {isa = PBXBuildFile; fileRef = D9CAEF32224369D400D8D4B5 /* Data.swift */; };
		D94474A4227BEDF400C0872E /* CognitoUserPoolIdentityProvider.swift in Sources */ = {isa = PBXBuildFile; fileRef = D94474A3227BEDF400C0872E /* CognitoUserPoolIdentityProvider.swift */; };
		D94474AA227C1A2E00C0872E /* GraphQLAuthProvider.swift in Sources */ = {isa = PBXBuildFile; fileRef = D94474A9227C1A2E00C0872E /* GraphQLAuthProvider.swift */; };
		D944EA9123597C8C00508708 /* SudoUser-Swift.h in Headers */ = {isa = PBXBuildFile; fileRef = D9A68FDF22406BDC0073C07C /* SudoUser-Swift.h */; };
		D94A116722407F2400271C28 /* SudoUserClient.swift in Sources */ = {isa = PBXBuildFile; fileRef = D94A113F22407F2200271C28 /* SudoUserClient.swift */; };
		D94A116E22407F2400271C28 /* AuthenticationInfo.swift in Sources */ = {isa = PBXBuildFile; fileRef = D94A114622407F2200271C28 /* AuthenticationInfo.swift */; };
		D94A116F22407F2400271C28 /* RegistrationChallenge.swift in Sources */ = {isa = PBXBuildFile; fileRef = D94A114722407F2200271C28 /* RegistrationChallenge.swift */; };
		D94A117322407F2400271C28 /* Version.swift in Sources */ = {isa = PBXBuildFile; fileRef = D94A114B22407F2200271C28 /* Version.swift */; };
		D94A117E22407F2400271C28 /* JSONSerializableObject.swift in Sources */ = {isa = PBXBuildFile; fileRef = D94A115622407F2300271C28 /* JSONSerializableObject.swift */; };
		D94A118022407F2400271C28 /* PublicKey.swift in Sources */ = {isa = PBXBuildFile; fileRef = D94A115822407F2300271C28 /* PublicKey.swift */; };
		D94A118322407F2400271C28 /* AuthenticationProvider.swift in Sources */ = {isa = PBXBuildFile; fileRef = D94A115B22407F2300271C28 /* AuthenticationProvider.swift */; };
		D94A118822407F2400271C28 /* Logger.swift in Sources */ = {isa = PBXBuildFile; fileRef = D94A116022407F2300271C28 /* Logger.swift */; };
		D94A118B22407F2400271C28 /* SerializableObject.swift in Sources */ = {isa = PBXBuildFile; fileRef = D94A116322407F2400271C28 /* SerializableObject.swift */; };
		D94A11B52240CADD00271C28 /* SudoUser.framework in Frameworks */ = {isa = PBXBuildFile; fileRef = D9A68FDC22406BDC0073C07C /* SudoUser.framework */; };
		D94A11BC2240CB9300271C28 /* SudoUserIntegrationTests.swift in Sources */ = {isa = PBXBuildFile; fileRef = D94A11BB2240CB9300271C28 /* SudoUserIntegrationTests.swift */; };
		D94A11C42240D9EC00271C28 /* AppDelegate.swift in Sources */ = {isa = PBXBuildFile; fileRef = D94A11C32240D9EC00271C28 /* AppDelegate.swift */; };
		D94A11C62240D9EC00271C28 /* ViewController.swift in Sources */ = {isa = PBXBuildFile; fileRef = D94A11C52240D9EC00271C28 /* ViewController.swift */; };
		D94A11C92240D9EC00271C28 /* Main.storyboard in Resources */ = {isa = PBXBuildFile; fileRef = D94A11C72240D9EC00271C28 /* Main.storyboard */; };
		D94A11CB2240D9ED00271C28 /* Assets.xcassets in Resources */ = {isa = PBXBuildFile; fileRef = D94A11CA2240D9ED00271C28 /* Assets.xcassets */; };
		D94A11CE2240D9ED00271C28 /* LaunchScreen.storyboard in Resources */ = {isa = PBXBuildFile; fileRef = D94A11CC2240D9ED00271C28 /* LaunchScreen.storyboard */; };
		D94A11D82240E9E500271C28 /* JWT.swift in Sources */ = {isa = PBXBuildFile; fileRef = D94A11D72240E9E500271C28 /* JWT.swift */; };
		D94DC7D9279E90BA00980F5D /* Error.swift in Sources */ = {isa = PBXBuildFile; fileRef = D94DC7D8279E90BA00980F5D /* Error.swift */; };
		D9622DFD2387A66B003FA683 /* CredentialsProvider.swift in Sources */ = {isa = PBXBuildFile; fileRef = D9622DFC2387A66B003FA683 /* CredentialsProvider.swift */; };
		D96E98FA231CA960005994EA /* SudoUserClientManager.swift in Sources */ = {isa = PBXBuildFile; fileRef = D96E98F9231CA960005994EA /* SudoUserClientManager.swift */; };
		D978DC092249D42A007CC979 /* MockSudoUserClient.swift in Sources */ = {isa = PBXBuildFile; fileRef = D978DC082249D42A007CC979 /* MockSudoUserClient.swift */; };
		D988A2C12266AB65005F116E /* AWSEndpoint.swift in Sources */ = {isa = PBXBuildFile; fileRef = D988A2C02266AB65005F116E /* AWSEndpoint.swift */; };
		D99CE0D8230D1FE0006BE67F /* avatar.png in Resources */ = {isa = PBXBuildFile; fileRef = D99CE0D7230D1FE0006BE67F /* avatar.png */; };
		D99DD44922D31814008D94F8 /* API.swift in Sources */ = {isa = PBXBuildFile; fileRef = D99DD44822D31814008D94F8 /* API.swift */; };
		D9A42383230A234800671795 /* IdentityProviderManager.swift in Sources */ = {isa = PBXBuildFile; fileRef = D9A42382230A234800671795 /* IdentityProviderManager.swift */; };
		D9A4351D237937CB007FB579 /* SudoUserClientConfigProvider.swift in Sources */ = {isa = PBXBuildFile; fileRef = D9A4351C237937CB007FB579 /* SudoUserClientConfigProvider.swift */; };
		D9A68FE622406BDC0073C07C /* SudoUser.framework in Frameworks */ = {isa = PBXBuildFile; fileRef = D9A68FDC22406BDC0073C07C /* SudoUser.framework */; };
		D9A68FEB22406BDC0073C07C /* SudoUserTests.swift in Sources */ = {isa = PBXBuildFile; fileRef = D9A68FEA22406BDC0073C07C /* SudoUserTests.swift */; };
		D9CAEF34224369D400D8D4B5 /* NSNumber.swift in Sources */ = {isa = PBXBuildFile; fileRef = D9CAEF2E224369D400D8D4B5 /* NSNumber.swift */; };
		D9CAEF35224369D400D8D4B5 /* Array.swift in Sources */ = {isa = PBXBuildFile; fileRef = D9CAEF2F224369D400D8D4B5 /* Array.swift */; };
		D9CAEF36224369D400D8D4B5 /* Dictionary.swift in Sources */ = {isa = PBXBuildFile; fileRef = D9CAEF30224369D400D8D4B5 /* Dictionary.swift */; };
		D9CAEF37224369D400D8D4B5 /* NSLock.swift in Sources */ = {isa = PBXBuildFile; fileRef = D9CAEF31224369D400D8D4B5 /* NSLock.swift */; };
		D9CAEF38224369D400D8D4B5 /* Data.swift in Sources */ = {isa = PBXBuildFile; fileRef = D9CAEF32224369D400D8D4B5 /* Data.swift */; };
		D9CAEF39224369D400D8D4B5 /* Date.swift in Sources */ = {isa = PBXBuildFile; fileRef = D9CAEF33224369D400D8D4B5 /* Date.swift */; };
		D9CF1826224840F900C84D45 /* IdentityProvider.swift in Sources */ = {isa = PBXBuildFile; fileRef = D9CF1825224840F900C84D45 /* IdentityProvider.swift */; };
		D9D6BD5027A237CD0053B2B3 /* ClientStateActor.swift in Sources */ = {isa = PBXBuildFile; fileRef = D9D6BD4F27A237CD0053B2B3 /* ClientStateActor.swift */; };
		D9D6BD5427A249A40053B2B3 /* SignInObserversActor.swift in Sources */ = {isa = PBXBuildFile; fileRef = D9D6BD5327A249A40053B2B3 /* SignInObserversActor.swift */; };
		D9DAF63A24AAFB8B008F6F6B /* LocalAuthenticationProvider.swift in Sources */ = {isa = PBXBuildFile; fileRef = D9DAF63924AAFB8B008F6F6B /* LocalAuthenticationProvider.swift */; };
		D9F0B6E72251895A00D085E1 /* SudoUser.framework in Frameworks */ = {isa = PBXBuildFile; fileRef = D9A68FDC22406BDC0073C07C /* SudoUser.framework */; };
		D9F0B6E82251895A00D085E1 /* SudoUser.framework in Embed Frameworks */ = {isa = PBXBuildFile; fileRef = D9A68FDC22406BDC0073C07C /* SudoUser.framework */; settings = {ATTRIBUTES = (CodeSignOnCopy, RemoveHeadersOnCopy, ); }; };
		D9F27D2922DC3D4200441D3F /* awsconfiguration.json in Resources */ = {isa = PBXBuildFile; fileRef = D9F27D2822DC3D4200441D3F /* awsconfiguration.json */; };
		D9F5E001242C79AD00748742 /* TESTAuthenticationProvider.swift in Sources */ = {isa = PBXBuildFile; fileRef = D9F5E000242C79AD00748742 /* TESTAuthenticationProvider.swift */; };
		D9FD0033246227920038A040 /* DefaultSudoUserClient.swift in Sources */ = {isa = PBXBuildFile; fileRef = D9FD0032246227920038A040 /* DefaultSudoUserClient.swift */; };
		D9FE014023A741F9009C0B60 /* AuthenticationTokens.swift in Sources */ = {isa = PBXBuildFile; fileRef = D9FE013F23A741F8009C0B60 /* AuthenticationTokens.swift */; };
		DD529A7DCAEE86354EBDCF26 /* Pods_TestApp.framework in Frameworks */ = {isa = PBXBuildFile; fileRef = 2B3B792FB1995377E9966320 /* Pods_TestApp.framework */; };
/* End PBXBuildFile section */

/* Begin PBXContainerItemProxy section */
		D94A11B62240CADD00271C28 /* PBXContainerItemProxy */ = {
			isa = PBXContainerItemProxy;
			containerPortal = D9A68FD322406BDC0073C07C /* Project object */;
			proxyType = 1;
			remoteGlobalIDString = D9A68FDB22406BDC0073C07C;
			remoteInfo = SudoUser;
		};
		D94A11D32240D9FA00271C28 /* PBXContainerItemProxy */ = {
			isa = PBXContainerItemProxy;
			containerPortal = D9A68FD322406BDC0073C07C /* Project object */;
			proxyType = 1;
			remoteGlobalIDString = D94A11C02240D9EB00271C28;
			remoteInfo = TestApp;
		};
		D9A029D22241C3F900FC8A06 /* PBXContainerItemProxy */ = {
			isa = PBXContainerItemProxy;
			containerPortal = D9A68FD322406BDC0073C07C /* Project object */;
			proxyType = 1;
			remoteGlobalIDString = D94A11C02240D9EB00271C28;
			remoteInfo = TestApp;
		};
		D9A68FE722406BDC0073C07C /* PBXContainerItemProxy */ = {
			isa = PBXContainerItemProxy;
			containerPortal = D9A68FD322406BDC0073C07C /* Project object */;
			proxyType = 1;
			remoteGlobalIDString = D9A68FDB22406BDC0073C07C;
			remoteInfo = SudoUser;
		};
		D9F0B6E92251895A00D085E1 /* PBXContainerItemProxy */ = {
			isa = PBXContainerItemProxy;
			containerPortal = D9A68FD322406BDC0073C07C /* Project object */;
			proxyType = 1;
			remoteGlobalIDString = D9A68FDB22406BDC0073C07C;
			remoteInfo = SudoUser;
		};
/* End PBXContainerItemProxy section */

/* Begin PBXCopyFilesBuildPhase section */
		D9F0B6EB2251895A00D085E1 /* Embed Frameworks */ = {
			isa = PBXCopyFilesBuildPhase;
			buildActionMask = 2147483647;
			dstPath = "";
			dstSubfolderSpec = 10;
			files = (
				D9F0B6E82251895A00D085E1 /* SudoUser.framework in Embed Frameworks */,
			);
			name = "Embed Frameworks";
			runOnlyForDeploymentPostprocessing = 0;
		};
/* End PBXCopyFilesBuildPhase section */

/* Begin PBXFileReference section */
		1089840AF09B8C3858CC3E3D /* Pods-TestApp.debug.xcconfig */ = {isa = PBXFileReference; includeInIndex = 1; lastKnownFileType = text.xcconfig; name = "Pods-TestApp.debug.xcconfig"; path = "Target Support Files/Pods-TestApp/Pods-TestApp.debug.xcconfig"; sourceTree = "<group>"; };
		2B3B792FB1995377E9966320 /* Pods_TestApp.framework */ = {isa = PBXFileReference; explicitFileType = wrapper.framework; includeInIndex = 0; path = Pods_TestApp.framework; sourceTree = BUILT_PRODUCTS_DIR; };
		3C34A3A5514BBD626DA281AB /* Pods-SudoUserTests.release.xcconfig */ = {isa = PBXFileReference; includeInIndex = 1; lastKnownFileType = text.xcconfig; name = "Pods-SudoUserTests.release.xcconfig"; path = "Target Support Files/Pods-SudoUserTests/Pods-SudoUserTests.release.xcconfig"; sourceTree = "<group>"; };
		72EF0BCFE9C346079D80AA7D /* Pods_SudoUserIntegrationTests.framework */ = {isa = PBXFileReference; explicitFileType = wrapper.framework; includeInIndex = 0; path = Pods_SudoUserIntegrationTests.framework; sourceTree = BUILT_PRODUCTS_DIR; };
		7360D3B621BEE707534D50F5 /* Pods-SudoUserIntegrationTests.release.xcconfig */ = {isa = PBXFileReference; includeInIndex = 1; lastKnownFileType = text.xcconfig; name = "Pods-SudoUserIntegrationTests.release.xcconfig"; path = "Target Support Files/Pods-SudoUserIntegrationTests/Pods-SudoUserIntegrationTests.release.xcconfig"; sourceTree = "<group>"; };
		788995CA37D1FA570AB6E997 /* Pods-SudoUser.release.xcconfig */ = {isa = PBXFileReference; includeInIndex = 1; lastKnownFileType = text.xcconfig; name = "Pods-SudoUser.release.xcconfig"; path = "Target Support Files/Pods-SudoUser/Pods-SudoUser.release.xcconfig"; sourceTree = "<group>"; };
		8928B0B4014A21CB7E167C5A /* Pods-SudoUserIntegrationTests.debug.xcconfig */ = {isa = PBXFileReference; includeInIndex = 1; lastKnownFileType = text.xcconfig; name = "Pods-SudoUserIntegrationTests.debug.xcconfig"; path = "Target Support Files/Pods-SudoUserIntegrationTests/Pods-SudoUserIntegrationTests.debug.xcconfig"; sourceTree = "<group>"; };
		952C3B4660083237FFEB184C /* Pods-TestApp.release.xcconfig */ = {isa = PBXFileReference; includeInIndex = 1; lastKnownFileType = text.xcconfig; name = "Pods-TestApp.release.xcconfig"; path = "Target Support Files/Pods-TestApp/Pods-TestApp.release.xcconfig"; sourceTree = "<group>"; };
		A0CCCA90D2ADF7A7578DD1FE /* Pods_SudoUser.framework */ = {isa = PBXFileReference; explicitFileType = wrapper.framework; includeInIndex = 0; path = Pods_SudoUser.framework; sourceTree = BUILT_PRODUCTS_DIR; };
		BD1ADF96715646A47150241F /* Pods-SudoUserTests.debug.xcconfig */ = {isa = PBXFileReference; includeInIndex = 1; lastKnownFileType = text.xcconfig; name = "Pods-SudoUserTests.debug.xcconfig"; path = "Target Support Files/Pods-SudoUserTests/Pods-SudoUserTests.debug.xcconfig"; sourceTree = "<group>"; };
		C449D9E19B55083AD9E5E4C4 /* Pods_SudoUserTests.framework */ = {isa = PBXFileReference; explicitFileType = wrapper.framework; includeInIndex = 0; path = Pods_SudoUserTests.framework; sourceTree = BUILT_PRODUCTS_DIR; };
		D901A9E023D6C44400A3FC70 /* sudoplatformconfig.json */ = {isa = PBXFileReference; fileEncoding = 4; lastKnownFileType = text.json; path = sudoplatformconfig.json; sourceTree = "<group>"; };
		D903B6EC23275A7A00B16E30 /* AuthUI.swift */ = {isa = PBXFileReference; lastKnownFileType = sourcecode.swift; path = AuthUI.swift; sourceTree = "<group>"; };
		D9156AF7249AFD5D00B0EF74 /* unreleased_changes.log */ = {isa = PBXFileReference; lastKnownFileType = text; path = unreleased_changes.log; sourceTree = "<group>"; };
		D9156AF8249B306900B0EF74 /* SignInStatusObserver.swift */ = {isa = PBXFileReference; lastKnownFileType = sourcecode.swift; path = SignInStatusObserver.swift; sourceTree = "<group>"; };
		D928A86C22D8558600D270B6 /* Auth0.plist */ = {isa = PBXFileReference; lastKnownFileType = text.plist.xml; path = Auth0.plist; sourceTree = "<group>"; };
		D92CD5EE25BA904800E44057 /* AlertManager.swift */ = {isa = PBXFileReference; lastKnownFileType = sourcecode.swift; path = AlertManager.swift; sourceTree = "<group>"; };
		D94474A3227BEDF400C0872E /* CognitoUserPoolIdentityProvider.swift */ = {isa = PBXFileReference; lastKnownFileType = sourcecode.swift; path = CognitoUserPoolIdentityProvider.swift; sourceTree = "<group>"; };
		D94474A9227C1A2E00C0872E /* GraphQLAuthProvider.swift */ = {isa = PBXFileReference; lastKnownFileType = sourcecode.swift; path = GraphQLAuthProvider.swift; sourceTree = "<group>"; };
		D94A113F22407F2200271C28 /* SudoUserClient.swift */ = {isa = PBXFileReference; fileEncoding = 4; lastKnownFileType = sourcecode.swift; path = SudoUserClient.swift; sourceTree = "<group>"; };
		D94A114622407F2200271C28 /* AuthenticationInfo.swift */ = {isa = PBXFileReference; fileEncoding = 4; lastKnownFileType = sourcecode.swift; path = AuthenticationInfo.swift; sourceTree = "<group>"; };
		D94A114722407F2200271C28 /* RegistrationChallenge.swift */ = {isa = PBXFileReference; fileEncoding = 4; lastKnownFileType = sourcecode.swift; path = RegistrationChallenge.swift; sourceTree = "<group>"; };
		D94A114B22407F2200271C28 /* Version.swift */ = {isa = PBXFileReference; fileEncoding = 4; lastKnownFileType = sourcecode.swift; path = Version.swift; sourceTree = "<group>"; };
		D94A115622407F2300271C28 /* JSONSerializableObject.swift */ = {isa = PBXFileReference; fileEncoding = 4; lastKnownFileType = sourcecode.swift; path = JSONSerializableObject.swift; sourceTree = "<group>"; };
		D94A115822407F2300271C28 /* PublicKey.swift */ = {isa = PBXFileReference; fileEncoding = 4; lastKnownFileType = sourcecode.swift; path = PublicKey.swift; sourceTree = "<group>"; };
		D94A115B22407F2300271C28 /* AuthenticationProvider.swift */ = {isa = PBXFileReference; fileEncoding = 4; lastKnownFileType = sourcecode.swift; path = AuthenticationProvider.swift; sourceTree = "<group>"; };
		D94A116022407F2300271C28 /* Logger.swift */ = {isa = PBXFileReference; fileEncoding = 4; lastKnownFileType = sourcecode.swift; path = Logger.swift; sourceTree = "<group>"; };
		D94A116322407F2400271C28 /* SerializableObject.swift */ = {isa = PBXFileReference; fileEncoding = 4; lastKnownFileType = sourcecode.swift; path = SerializableObject.swift; sourceTree = "<group>"; };
		D94A118F224094A100271C28 /* Podfile */ = {isa = PBXFileReference; lastKnownFileType = text; path = Podfile; sourceTree = "<group>"; xcLanguageSpecificationIdentifier = xcode.lang.ruby; };
		D94A1190224094AA00271C28 /* SudoUser.podspec */ = {isa = PBXFileReference; lastKnownFileType = text; path = SudoUser.podspec; sourceTree = "<group>"; };
		D94A11B02240CADD00271C28 /* SudoUserIntegrationTests.xctest */ = {isa = PBXFileReference; explicitFileType = wrapper.cfbundle; includeInIndex = 0; path = SudoUserIntegrationTests.xctest; sourceTree = BUILT_PRODUCTS_DIR; };
		D94A11B42240CADD00271C28 /* Info.plist */ = {isa = PBXFileReference; lastKnownFileType = text.plist.xml; path = Info.plist; sourceTree = "<group>"; };
		D94A11BB2240CB9300271C28 /* SudoUserIntegrationTests.swift */ = {isa = PBXFileReference; fileEncoding = 4; lastKnownFileType = sourcecode.swift; path = SudoUserIntegrationTests.swift; sourceTree = "<group>"; };
		D94A11C12240D9EB00271C28 /* TestApp.app */ = {isa = PBXFileReference; explicitFileType = wrapper.application; includeInIndex = 0; path = TestApp.app; sourceTree = BUILT_PRODUCTS_DIR; };
		D94A11C32240D9EC00271C28 /* AppDelegate.swift */ = {isa = PBXFileReference; lastKnownFileType = sourcecode.swift; path = AppDelegate.swift; sourceTree = "<group>"; };
		D94A11C52240D9EC00271C28 /* ViewController.swift */ = {isa = PBXFileReference; lastKnownFileType = sourcecode.swift; path = ViewController.swift; sourceTree = "<group>"; };
		D94A11C82240D9EC00271C28 /* Base */ = {isa = PBXFileReference; lastKnownFileType = file.storyboard; name = Base; path = Base.lproj/Main.storyboard; sourceTree = "<group>"; };
		D94A11CA2240D9ED00271C28 /* Assets.xcassets */ = {isa = PBXFileReference; lastKnownFileType = folder.assetcatalog; path = Assets.xcassets; sourceTree = "<group>"; };
		D94A11CD2240D9ED00271C28 /* Base */ = {isa = PBXFileReference; lastKnownFileType = file.storyboard; name = Base; path = Base.lproj/LaunchScreen.storyboard; sourceTree = "<group>"; };
		D94A11CF2240D9ED00271C28 /* Info.plist */ = {isa = PBXFileReference; lastKnownFileType = text.plist.xml; path = Info.plist; sourceTree = "<group>"; };
		D94A11D72240E9E500271C28 /* JWT.swift */ = {isa = PBXFileReference; lastKnownFileType = sourcecode.swift; path = JWT.swift; sourceTree = "<group>"; };
		D94DC7D8279E90BA00980F5D /* Error.swift */ = {isa = PBXFileReference; lastKnownFileType = sourcecode.swift; path = Error.swift; sourceTree = "<group>"; };
		D9622DFC2387A66B003FA683 /* CredentialsProvider.swift */ = {isa = PBXFileReference; lastKnownFileType = sourcecode.swift; path = CredentialsProvider.swift; sourceTree = "<group>"; };
		D96E98F9231CA960005994EA /* SudoUserClientManager.swift */ = {isa = PBXFileReference; lastKnownFileType = sourcecode.swift; path = SudoUserClientManager.swift; sourceTree = "<group>"; };
		D978DC082249D42A007CC979 /* MockSudoUserClient.swift */ = {isa = PBXFileReference; lastKnownFileType = sourcecode.swift; path = MockSudoUserClient.swift; sourceTree = "<group>"; };
		D988A2C02266AB65005F116E /* AWSEndpoint.swift */ = {isa = PBXFileReference; lastKnownFileType = sourcecode.swift; path = AWSEndpoint.swift; sourceTree = "<group>"; };
		D99CE0D7230D1FE0006BE67F /* avatar.png */ = {isa = PBXFileReference; lastKnownFileType = image.png; path = avatar.png; sourceTree = "<group>"; };
		D99DD44822D31814008D94F8 /* API.swift */ = {isa = PBXFileReference; fileEncoding = 4; lastKnownFileType = sourcecode.swift; path = API.swift; sourceTree = "<group>"; };
		D9A42382230A234800671795 /* IdentityProviderManager.swift */ = {isa = PBXFileReference; lastKnownFileType = sourcecode.swift; path = IdentityProviderManager.swift; sourceTree = "<group>"; };
		D9A4351C237937CB007FB579 /* SudoUserClientConfigProvider.swift */ = {isa = PBXFileReference; lastKnownFileType = sourcecode.swift; path = SudoUserClientConfigProvider.swift; sourceTree = "<group>"; };
		D9A68FDC22406BDC0073C07C /* SudoUser.framework */ = {isa = PBXFileReference; explicitFileType = wrapper.framework; includeInIndex = 0; path = SudoUser.framework; sourceTree = BUILT_PRODUCTS_DIR; };
		D9A68FDF22406BDC0073C07C /* SudoUser-Swift.h */ = {isa = PBXFileReference; lastKnownFileType = sourcecode.c.h; path = "SudoUser-Swift.h"; sourceTree = "<group>"; };
		D9A68FE022406BDC0073C07C /* Info.plist */ = {isa = PBXFileReference; lastKnownFileType = text.plist.xml; path = Info.plist; sourceTree = "<group>"; };
		D9A68FE522406BDC0073C07C /* SudoUserTests.xctest */ = {isa = PBXFileReference; explicitFileType = wrapper.cfbundle; includeInIndex = 0; path = SudoUserTests.xctest; sourceTree = BUILT_PRODUCTS_DIR; };
		D9A68FEA22406BDC0073C07C /* SudoUserTests.swift */ = {isa = PBXFileReference; lastKnownFileType = sourcecode.swift; path = SudoUserTests.swift; sourceTree = "<group>"; };
		D9A68FEC22406BDC0073C07C /* Info.plist */ = {isa = PBXFileReference; lastKnownFileType = text.plist.xml; path = Info.plist; sourceTree = "<group>"; };
		D9CAEF2E224369D400D8D4B5 /* NSNumber.swift */ = {isa = PBXFileReference; fileEncoding = 4; lastKnownFileType = sourcecode.swift; path = NSNumber.swift; sourceTree = "<group>"; };
		D9CAEF2F224369D400D8D4B5 /* Array.swift */ = {isa = PBXFileReference; fileEncoding = 4; lastKnownFileType = sourcecode.swift; path = Array.swift; sourceTree = "<group>"; };
		D9CAEF30224369D400D8D4B5 /* Dictionary.swift */ = {isa = PBXFileReference; fileEncoding = 4; lastKnownFileType = sourcecode.swift; path = Dictionary.swift; sourceTree = "<group>"; };
		D9CAEF31224369D400D8D4B5 /* NSLock.swift */ = {isa = PBXFileReference; fileEncoding = 4; lastKnownFileType = sourcecode.swift; path = NSLock.swift; sourceTree = "<group>"; };
		D9CAEF32224369D400D8D4B5 /* Data.swift */ = {isa = PBXFileReference; fileEncoding = 4; lastKnownFileType = sourcecode.swift; path = Data.swift; sourceTree = "<group>"; };
		D9CAEF33224369D400D8D4B5 /* Date.swift */ = {isa = PBXFileReference; fileEncoding = 4; lastKnownFileType = sourcecode.swift; path = Date.swift; sourceTree = "<group>"; };
		D9CF1825224840F900C84D45 /* IdentityProvider.swift */ = {isa = PBXFileReference; lastKnownFileType = sourcecode.swift; path = IdentityProvider.swift; sourceTree = "<group>"; };
		D9D6BD4F27A237CD0053B2B3 /* ClientStateActor.swift */ = {isa = PBXFileReference; lastKnownFileType = sourcecode.swift; path = ClientStateActor.swift; sourceTree = "<group>"; };
		D9D6BD5327A249A40053B2B3 /* SignInObserversActor.swift */ = {isa = PBXFileReference; lastKnownFileType = sourcecode.swift; path = SignInObserversActor.swift; sourceTree = "<group>"; };
		D9DAF63924AAFB8B008F6F6B /* LocalAuthenticationProvider.swift */ = {isa = PBXFileReference; lastKnownFileType = sourcecode.swift; path = LocalAuthenticationProvider.swift; sourceTree = "<group>"; };
		D9F0B70A225191B800D085E1 /* TestApp.entitlements */ = {isa = PBXFileReference; lastKnownFileType = text.plist.entitlements; path = TestApp.entitlements; sourceTree = "<group>"; };
		D9F0B70D2251CC0400D085E1 /* codegen.sh */ = {isa = PBXFileReference; lastKnownFileType = text.script.sh; path = codegen.sh; sourceTree = "<group>"; };
		D9F1002F2264302C00008B3F /* sandboxReceipt */ = {isa = PBXFileReference; lastKnownFileType = text; name = sandboxReceipt; path = SudoUserIntegrationTests/resources/sandboxReceipt; sourceTree = SOURCE_ROOT; };
		D9F27D2822DC3D4200441D3F /* awsconfiguration.json */ = {isa = PBXFileReference; lastKnownFileType = text.json; path = awsconfiguration.json; sourceTree = "<group>"; };
		D9F5E000242C79AD00748742 /* TESTAuthenticationProvider.swift */ = {isa = PBXFileReference; lastKnownFileType = sourcecode.swift; path = TESTAuthenticationProvider.swift; sourceTree = "<group>"; };
		D9FD0032246227920038A040 /* DefaultSudoUserClient.swift */ = {isa = PBXFileReference; lastKnownFileType = sourcecode.swift; path = DefaultSudoUserClient.swift; sourceTree = "<group>"; };
		D9FE013F23A741F8009C0B60 /* AuthenticationTokens.swift */ = {isa = PBXFileReference; lastKnownFileType = sourcecode.swift; path = AuthenticationTokens.swift; sourceTree = "<group>"; };
		FC4F3A0D4B75784109B3F1A5 /* Pods-SudoUser.debug.xcconfig */ = {isa = PBXFileReference; includeInIndex = 1; lastKnownFileType = text.xcconfig; name = "Pods-SudoUser.debug.xcconfig"; path = "Target Support Files/Pods-SudoUser/Pods-SudoUser.debug.xcconfig"; sourceTree = "<group>"; };
/* End PBXFileReference section */

/* Begin PBXFrameworksBuildPhase section */
		D94A11AD2240CADD00271C28 /* Frameworks */ = {
			isa = PBXFrameworksBuildPhase;
			buildActionMask = 2147483647;
			files = (
				D94A11B52240CADD00271C28 /* SudoUser.framework in Frameworks */,
				2071A658D1DD234A13C521BD /* Pods_SudoUserIntegrationTests.framework in Frameworks */,
			);
			runOnlyForDeploymentPostprocessing = 0;
		};
		D94A11BE2240D9EB00271C28 /* Frameworks */ = {
			isa = PBXFrameworksBuildPhase;
			buildActionMask = 2147483647;
			files = (
				D9F0B6E72251895A00D085E1 /* SudoUser.framework in Frameworks */,
				DD529A7DCAEE86354EBDCF26 /* Pods_TestApp.framework in Frameworks */,
			);
			runOnlyForDeploymentPostprocessing = 0;
		};
		D9A68FD922406BDC0073C07C /* Frameworks */ = {
			isa = PBXFrameworksBuildPhase;
			buildActionMask = 2147483647;
			files = (
				D748693D670F209762DEA0AB /* Pods_SudoUser.framework in Frameworks */,
			);
			runOnlyForDeploymentPostprocessing = 0;
		};
		D9A68FE222406BDC0073C07C /* Frameworks */ = {
			isa = PBXFrameworksBuildPhase;
			buildActionMask = 2147483647;
			files = (
				D9A68FE622406BDC0073C07C /* SudoUser.framework in Frameworks */,
				587F6AC7C9A498AFE9981AAE /* Pods_SudoUserTests.framework in Frameworks */,
			);
			runOnlyForDeploymentPostprocessing = 0;
		};
/* End PBXFrameworksBuildPhase section */

/* Begin PBXGroup section */
		22051C96E710463F1CEA08E3 /* Pods */ = {
			isa = PBXGroup;
			children = (
				1089840AF09B8C3858CC3E3D /* Pods-TestApp.debug.xcconfig */,
				952C3B4660083237FFEB184C /* Pods-TestApp.release.xcconfig */,
				FC4F3A0D4B75784109B3F1A5 /* Pods-SudoUser.debug.xcconfig */,
				788995CA37D1FA570AB6E997 /* Pods-SudoUser.release.xcconfig */,
				8928B0B4014A21CB7E167C5A /* Pods-SudoUserIntegrationTests.debug.xcconfig */,
				7360D3B621BEE707534D50F5 /* Pods-SudoUserIntegrationTests.release.xcconfig */,
				BD1ADF96715646A47150241F /* Pods-SudoUserTests.debug.xcconfig */,
				3C34A3A5514BBD626DA281AB /* Pods-SudoUserTests.release.xcconfig */,
			);
			path = Pods;
			sourceTree = "<group>";
		};
		A498F8949F423D49D9498F0B /* Frameworks */ = {
			isa = PBXGroup;
			children = (
				2B3B792FB1995377E9966320 /* Pods_TestApp.framework */,
				A0CCCA90D2ADF7A7578DD1FE /* Pods_SudoUser.framework */,
				72EF0BCFE9C346079D80AA7D /* Pods_SudoUserIntegrationTests.framework */,
				C449D9E19B55083AD9E5E4C4 /* Pods_SudoUserTests.framework */,
			);
			name = Frameworks;
			sourceTree = "<group>";
		};
		D929B896228BD542006E63F0 /* API */ = {
			isa = PBXGroup;
			children = (
				D99DD44822D31814008D94F8 /* API.swift */,
			);
			name = API;
			sourceTree = "<group>";
		};
		D94A11B12240CADD00271C28 /* SudoUserIntegrationTests */ = {
			isa = PBXGroup;
			children = (
				D9F1002E2264301A00008B3F /* Supporting Files */,
				D94A11BB2240CB9300271C28 /* SudoUserIntegrationTests.swift */,
				D94A11B42240CADD00271C28 /* Info.plist */,
			);
			path = SudoUserIntegrationTests;
			sourceTree = "<group>";
		};
		D94A11C22240D9EC00271C28 /* TestApp */ = {
			isa = PBXGroup;
			children = (
				D9F0B70A225191B800D085E1 /* TestApp.entitlements */,
				D901A9E023D6C44400A3FC70 /* sudoplatformconfig.json */,
				D94A11C32240D9EC00271C28 /* AppDelegate.swift */,
				D94A11C52240D9EC00271C28 /* ViewController.swift */,
				D94A11C72240D9EC00271C28 /* Main.storyboard */,
				D94A11CA2240D9ED00271C28 /* Assets.xcassets */,
				D94A11CC2240D9ED00271C28 /* LaunchScreen.storyboard */,
				D94A11CF2240D9ED00271C28 /* Info.plist */,
				D928A86C22D8558600D270B6 /* Auth0.plist */,
				D9F27D2822DC3D4200441D3F /* awsconfiguration.json */,
				D96E98F9231CA960005994EA /* SudoUserClientManager.swift */,
				D92CD5EE25BA904800E44057 /* AlertManager.swift */,
			);
			path = TestApp;
			sourceTree = "<group>";
		};
		D978DC072249D409007CC979 /* Mock */ = {
			isa = PBXGroup;
			children = (
				D978DC082249D42A007CC979 /* MockSudoUserClient.swift */,
			);
			name = Mock;
			sourceTree = "<group>";
		};
		D9A68FD222406BDC0073C07C = {
			isa = PBXGroup;
			children = (
				D9156AF7249AFD5D00B0EF74 /* unreleased_changes.log */,
				D94A1190224094AA00271C28 /* SudoUser.podspec */,
				D94A118F224094A100271C28 /* Podfile */,
				D9F0B70D2251CC0400D085E1 /* codegen.sh */,
				D9A68FDE22406BDC0073C07C /* SudoUser */,
				D9A68FE922406BDC0073C07C /* SudoUserTests */,
				D94A11B12240CADD00271C28 /* SudoUserIntegrationTests */,
				D94A11C22240D9EC00271C28 /* TestApp */,
				D9A68FDD22406BDC0073C07C /* Products */,
				22051C96E710463F1CEA08E3 /* Pods */,
				A498F8949F423D49D9498F0B /* Frameworks */,
			);
			sourceTree = "<group>";
		};
		D9A68FDD22406BDC0073C07C /* Products */ = {
			isa = PBXGroup;
			children = (
				D9A68FDC22406BDC0073C07C /* SudoUser.framework */,
				D9A68FE522406BDC0073C07C /* SudoUserTests.xctest */,
				D94A11B02240CADD00271C28 /* SudoUserIntegrationTests.xctest */,
				D94A11C12240D9EB00271C28 /* TestApp.app */,
			);
			name = Products;
			sourceTree = "<group>";
		};
		D9A68FDE22406BDC0073C07C /* SudoUser */ = {
			isa = PBXGroup;
			children = (
				D9D6BD4E27A2378E0053B2B3 /* Actor */,
				D929B896228BD542006E63F0 /* API */,
				D978DC072249D409007CC979 /* Mock */,
				D9CAEF3A2243787000D8D4B5 /* Extension */,
				D94A114622407F2200271C28 /* AuthenticationInfo.swift */,
				D94A115B22407F2300271C28 /* AuthenticationProvider.swift */,
				D9CF1825224840F900C84D45 /* IdentityProvider.swift */,
				D94A115622407F2300271C28 /* JSONSerializableObject.swift */,
				D94A116022407F2300271C28 /* Logger.swift */,
				D94A115822407F2300271C28 /* PublicKey.swift */,
				D94A114722407F2200271C28 /* RegistrationChallenge.swift */,
				D94A116322407F2400271C28 /* SerializableObject.swift */,
				D94A113F22407F2200271C28 /* SudoUserClient.swift */,
				D94A114B22407F2200271C28 /* Version.swift */,
				D9A68FDF22406BDC0073C07C /* SudoUser-Swift.h */,
				D94A11D72240E9E500271C28 /* JWT.swift */,
				D9A68FE022406BDC0073C07C /* Info.plist */,
				D94474A3227BEDF400C0872E /* CognitoUserPoolIdentityProvider.swift */,
				D94474A9227C1A2E00C0872E /* GraphQLAuthProvider.swift */,
				D9A42382230A234800671795 /* IdentityProviderManager.swift */,
				D903B6EC23275A7A00B16E30 /* AuthUI.swift */,
				D9A4351C237937CB007FB579 /* SudoUserClientConfigProvider.swift */,
				D9622DFC2387A66B003FA683 /* CredentialsProvider.swift */,
				D9FE013F23A741F8009C0B60 /* AuthenticationTokens.swift */,
				D9F5E000242C79AD00748742 /* TESTAuthenticationProvider.swift */,
				D9FD0032246227920038A040 /* DefaultSudoUserClient.swift */,
				D9156AF8249B306900B0EF74 /* SignInStatusObserver.swift */,
				D9DAF63924AAFB8B008F6F6B /* LocalAuthenticationProvider.swift */,
				D94DC7D8279E90BA00980F5D /* Error.swift */,
			);
			path = SudoUser;
			sourceTree = "<group>";
		};
		D9A68FE922406BDC0073C07C /* SudoUserTests */ = {
			isa = PBXGroup;
			children = (
				D9A68FEA22406BDC0073C07C /* SudoUserTests.swift */,
				D9A68FEC22406BDC0073C07C /* Info.plist */,
			);
			path = SudoUserTests;
			sourceTree = "<group>";
		};
		D9CAEF3A2243787000D8D4B5 /* Extension */ = {
			isa = PBXGroup;
			children = (
				D9CAEF2F224369D400D8D4B5 /* Array.swift */,
				D9CAEF32224369D400D8D4B5 /* Data.swift */,
				D9CAEF33224369D400D8D4B5 /* Date.swift */,
				D9CAEF30224369D400D8D4B5 /* Dictionary.swift */,
				D9CAEF31224369D400D8D4B5 /* NSLock.swift */,
				D9CAEF2E224369D400D8D4B5 /* NSNumber.swift */,
				D988A2C02266AB65005F116E /* AWSEndpoint.swift */,
			);
			name = Extension;
			sourceTree = "<group>";
		};
		D9D6BD4E27A2378E0053B2B3 /* Actor */ = {
			isa = PBXGroup;
			children = (
				D9D6BD4F27A237CD0053B2B3 /* ClientStateActor.swift */,
				D9D6BD5327A249A40053B2B3 /* SignInObserversActor.swift */,
			);
			name = Actor;
			sourceTree = "<group>";
		};
		D9F1002E2264301A00008B3F /* Supporting Files */ = {
			isa = PBXGroup;
			children = (
				D9F1002F2264302C00008B3F /* sandboxReceipt */,
				D99CE0D7230D1FE0006BE67F /* avatar.png */,
			);
			name = "Supporting Files";
			path = resources;
			sourceTree = "<group>";
		};
/* End PBXGroup section */

/* Begin PBXHeadersBuildPhase section */
		D9A68FD722406BDC0073C07C /* Headers */ = {
			isa = PBXHeadersBuildPhase;
			buildActionMask = 2147483647;
			files = (
				D944EA9123597C8C00508708 /* SudoUser-Swift.h in Headers */,
			);
			runOnlyForDeploymentPostprocessing = 0;
		};
/* End PBXHeadersBuildPhase section */

/* Begin PBXNativeTarget section */
		D94A11AF2240CADD00271C28 /* SudoUserIntegrationTests */ = {
			isa = PBXNativeTarget;
			buildConfigurationList = D94A11B82240CADD00271C28 /* Build configuration list for PBXNativeTarget "SudoUserIntegrationTests" */;
			buildPhases = (
				19C1A5478B277C981AA0692A /* [CP] Check Pods Manifest.lock */,
				D94A11AC2240CADD00271C28 /* Sources */,
				D94A11AD2240CADD00271C28 /* Frameworks */,
				D94A11AE2240CADD00271C28 /* Resources */,
				B91506FC64BECD067EA1321F /* [CP] Embed Pods Frameworks */,
				D98138D9224CCA7400D298B2 /* Copy TEST keys */,
			);
			buildRules = (
			);
			dependencies = (
				D94A11B72240CADD00271C28 /* PBXTargetDependency */,
				D94A11D42240D9FA00271C28 /* PBXTargetDependency */,
			);
			name = SudoUserIntegrationTests;
			productName = SudoUserIntegrationTests;
			productReference = D94A11B02240CADD00271C28 /* SudoUserIntegrationTests.xctest */;
			productType = "com.apple.product-type.bundle.unit-test";
		};
		D94A11C02240D9EB00271C28 /* TestApp */ = {
			isa = PBXNativeTarget;
			buildConfigurationList = D94A11D22240D9ED00271C28 /* Build configuration list for PBXNativeTarget "TestApp" */;
			buildPhases = (
				01CE72896F4517C60BED5D59 /* [CP] Check Pods Manifest.lock */,
				D94A11BD2240D9EB00271C28 /* Sources */,
				D94A11BE2240D9EB00271C28 /* Frameworks */,
				D94A11BF2240D9EB00271C28 /* Resources */,
				D9F0B6EB2251895A00D085E1 /* Embed Frameworks */,
				F34DDBAA821D5FB0EC218E1E /* [CP] Embed Pods Frameworks */,
				D96E98FD231CE360005994EA /* Copy Config File */,
			);
			buildRules = (
			);
			dependencies = (
				D9F0B6EA2251895A00D085E1 /* PBXTargetDependency */,
			);
			name = TestApp;
			productName = TestApp;
			productReference = D94A11C12240D9EB00271C28 /* TestApp.app */;
			productType = "com.apple.product-type.application";
		};
		D9A68FDB22406BDC0073C07C /* SudoUser */ = {
			isa = PBXNativeTarget;
			buildConfigurationList = D9A68FF022406BDC0073C07C /* Build configuration list for PBXNativeTarget "SudoUser" */;
			buildPhases = (
				4BE9F086B19C1962969A6184 /* [CP] Check Pods Manifest.lock */,
				D9A68FD722406BDC0073C07C /* Headers */,
				D9A68FD822406BDC0073C07C /* Sources */,
				D9A68FD922406BDC0073C07C /* Frameworks */,
				D9A68FDA22406BDC0073C07C /* Resources */,
				D9535711237A674C00135836 /* Lint */,
			);
			buildRules = (
			);
			dependencies = (
			);
			name = SudoUser;
			productName = SudoUser;
			productReference = D9A68FDC22406BDC0073C07C /* SudoUser.framework */;
			productType = "com.apple.product-type.framework";
		};
		D9A68FE422406BDC0073C07C /* SudoUserTests */ = {
			isa = PBXNativeTarget;
			buildConfigurationList = D9A68FF322406BDC0073C07C /* Build configuration list for PBXNativeTarget "SudoUserTests" */;
			buildPhases = (
				00BF94FC78B2A7D896E878EF /* [CP] Check Pods Manifest.lock */,
				D9A68FE122406BDC0073C07C /* Sources */,
				D9A68FE222406BDC0073C07C /* Frameworks */,
				D9A68FE322406BDC0073C07C /* Resources */,
				8A1A6FB8F2ACF9B74701BE45 /* [CP] Embed Pods Frameworks */,
			);
			buildRules = (
			);
			dependencies = (
				D9A68FE822406BDC0073C07C /* PBXTargetDependency */,
				D9A029D32241C3F900FC8A06 /* PBXTargetDependency */,
			);
			name = SudoUserTests;
			productName = SudoUserTests;
			productReference = D9A68FE522406BDC0073C07C /* SudoUserTests.xctest */;
			productType = "com.apple.product-type.bundle.unit-test";
		};
/* End PBXNativeTarget section */

/* Begin PBXProject section */
		D9A68FD322406BDC0073C07C /* Project object */ = {
			isa = PBXProject;
			attributes = {
				LastSwiftUpdateCheck = 1030;
				LastUpgradeCheck = 1210;
				ORGANIZATIONNAME = cchoi;
				TargetAttributes = {
					D94A11AF2240CADD00271C28 = {
						CreatedOnToolsVersion = 10.1;
						LastSwiftMigration = 1030;
						TestTargetID = D94A11C02240D9EB00271C28;
					};
					D94A11C02240D9EB00271C28 = {
						CreatedOnToolsVersion = 10.1;
						LastSwiftMigration = 1030;
						SystemCapabilities = {
							com.apple.BackgroundModes = {
								enabled = 1;
							};
							com.apple.Push = {
								enabled = 1;
							};
						};
					};
					D9A68FDB22406BDC0073C07C = {
						CreatedOnToolsVersion = 10.1;
						LastSwiftMigration = 1030;
					};
					D9A68FE422406BDC0073C07C = {
						CreatedOnToolsVersion = 10.1;
						LastSwiftMigration = 1030;
						TestTargetID = D94A11C02240D9EB00271C28;
					};
				};
			};
			buildConfigurationList = D9A68FD622406BDC0073C07C /* Build configuration list for PBXProject "SudoUser" */;
			compatibilityVersion = "Xcode 9.3";
			developmentRegion = en;
			hasScannedForEncodings = 0;
			knownRegions = (
				en,
				Base,
			);
			mainGroup = D9A68FD222406BDC0073C07C;
			productRefGroup = D9A68FDD22406BDC0073C07C /* Products */;
			projectDirPath = "";
			projectRoot = "";
			targets = (
				D9A68FDB22406BDC0073C07C /* SudoUser */,
				D9A68FE422406BDC0073C07C /* SudoUserTests */,
				D94A11AF2240CADD00271C28 /* SudoUserIntegrationTests */,
				D94A11C02240D9EB00271C28 /* TestApp */,
			);
		};
/* End PBXProject section */

/* Begin PBXResourcesBuildPhase section */
		D94A11AE2240CADD00271C28 /* Resources */ = {
			isa = PBXResourcesBuildPhase;
			buildActionMask = 2147483647;
			files = (
				D99CE0D8230D1FE0006BE67F /* avatar.png in Resources */,
				D902C23E22792EDE0076F802 /* sandboxReceipt in Resources */,
			);
			runOnlyForDeploymentPostprocessing = 0;
		};
		D94A11BF2240D9EB00271C28 /* Resources */ = {
			isa = PBXResourcesBuildPhase;
			buildActionMask = 2147483647;
			files = (
				D9F27D2922DC3D4200441D3F /* awsconfiguration.json in Resources */,
				D901A9E123D6C44400A3FC70 /* sudoplatformconfig.json in Resources */,
				D94A11CE2240D9ED00271C28 /* LaunchScreen.storyboard in Resources */,
				D94A11CB2240D9ED00271C28 /* Assets.xcassets in Resources */,
				D94A11C92240D9EC00271C28 /* Main.storyboard in Resources */,
				D928A86D22D8558600D270B6 /* Auth0.plist in Resources */,
			);
			runOnlyForDeploymentPostprocessing = 0;
		};
		D9A68FDA22406BDC0073C07C /* Resources */ = {
			isa = PBXResourcesBuildPhase;
			buildActionMask = 2147483647;
			files = (
			);
			runOnlyForDeploymentPostprocessing = 0;
		};
		D9A68FE322406BDC0073C07C /* Resources */ = {
			isa = PBXResourcesBuildPhase;
			buildActionMask = 2147483647;
			files = (
			);
			runOnlyForDeploymentPostprocessing = 0;
		};
/* End PBXResourcesBuildPhase section */

/* Begin PBXShellScriptBuildPhase section */
		00BF94FC78B2A7D896E878EF /* [CP] Check Pods Manifest.lock */ = {
			isa = PBXShellScriptBuildPhase;
			buildActionMask = 2147483647;
			files = (
			);
			inputFileListPaths = (
			);
			inputPaths = (
				"${PODS_PODFILE_DIR_PATH}/Podfile.lock",
				"${PODS_ROOT}/Manifest.lock",
			);
			name = "[CP] Check Pods Manifest.lock";
			outputFileListPaths = (
			);
			outputPaths = (
				"$(DERIVED_FILE_DIR)/Pods-SudoUserTests-checkManifestLockResult.txt",
			);
			runOnlyForDeploymentPostprocessing = 0;
			shellPath = /bin/sh;
			shellScript = "diff \"${PODS_PODFILE_DIR_PATH}/Podfile.lock\" \"${PODS_ROOT}/Manifest.lock\" > /dev/null\nif [ $? != 0 ] ; then\n    # print error to STDERR\n    echo \"error: The sandbox is not in sync with the Podfile.lock. Run 'pod install' or update your CocoaPods installation.\" >&2\n    exit 1\nfi\n# This output is used by Xcode 'outputs' to avoid re-running this script phase.\necho \"SUCCESS\" > \"${SCRIPT_OUTPUT_FILE_0}\"\n";
			showEnvVarsInLog = 0;
		};
		01CE72896F4517C60BED5D59 /* [CP] Check Pods Manifest.lock */ = {
			isa = PBXShellScriptBuildPhase;
			buildActionMask = 2147483647;
			files = (
			);
			inputFileListPaths = (
			);
			inputPaths = (
				"${PODS_PODFILE_DIR_PATH}/Podfile.lock",
				"${PODS_ROOT}/Manifest.lock",
			);
			name = "[CP] Check Pods Manifest.lock";
			outputFileListPaths = (
			);
			outputPaths = (
				"$(DERIVED_FILE_DIR)/Pods-TestApp-checkManifestLockResult.txt",
			);
			runOnlyForDeploymentPostprocessing = 0;
			shellPath = /bin/sh;
			shellScript = "diff \"${PODS_PODFILE_DIR_PATH}/Podfile.lock\" \"${PODS_ROOT}/Manifest.lock\" > /dev/null\nif [ $? != 0 ] ; then\n    # print error to STDERR\n    echo \"error: The sandbox is not in sync with the Podfile.lock. Run 'pod install' or update your CocoaPods installation.\" >&2\n    exit 1\nfi\n# This output is used by Xcode 'outputs' to avoid re-running this script phase.\necho \"SUCCESS\" > \"${SCRIPT_OUTPUT_FILE_0}\"\n";
			showEnvVarsInLog = 0;
		};
		19C1A5478B277C981AA0692A /* [CP] Check Pods Manifest.lock */ = {
			isa = PBXShellScriptBuildPhase;
			buildActionMask = 2147483647;
			files = (
			);
			inputFileListPaths = (
			);
			inputPaths = (
				"${PODS_PODFILE_DIR_PATH}/Podfile.lock",
				"${PODS_ROOT}/Manifest.lock",
			);
			name = "[CP] Check Pods Manifest.lock";
			outputFileListPaths = (
			);
			outputPaths = (
				"$(DERIVED_FILE_DIR)/Pods-SudoUserIntegrationTests-checkManifestLockResult.txt",
			);
			runOnlyForDeploymentPostprocessing = 0;
			shellPath = /bin/sh;
			shellScript = "diff \"${PODS_PODFILE_DIR_PATH}/Podfile.lock\" \"${PODS_ROOT}/Manifest.lock\" > /dev/null\nif [ $? != 0 ] ; then\n    # print error to STDERR\n    echo \"error: The sandbox is not in sync with the Podfile.lock. Run 'pod install' or update your CocoaPods installation.\" >&2\n    exit 1\nfi\n# This output is used by Xcode 'outputs' to avoid re-running this script phase.\necho \"SUCCESS\" > \"${SCRIPT_OUTPUT_FILE_0}\"\n";
			showEnvVarsInLog = 0;
		};
		4BE9F086B19C1962969A6184 /* [CP] Check Pods Manifest.lock */ = {
			isa = PBXShellScriptBuildPhase;
			buildActionMask = 2147483647;
			files = (
			);
			inputFileListPaths = (
			);
			inputPaths = (
				"${PODS_PODFILE_DIR_PATH}/Podfile.lock",
				"${PODS_ROOT}/Manifest.lock",
			);
			name = "[CP] Check Pods Manifest.lock";
			outputFileListPaths = (
			);
			outputPaths = (
				"$(DERIVED_FILE_DIR)/Pods-SudoUser-checkManifestLockResult.txt",
			);
			runOnlyForDeploymentPostprocessing = 0;
			shellPath = /bin/sh;
			shellScript = "diff \"${PODS_PODFILE_DIR_PATH}/Podfile.lock\" \"${PODS_ROOT}/Manifest.lock\" > /dev/null\nif [ $? != 0 ] ; then\n    # print error to STDERR\n    echo \"error: The sandbox is not in sync with the Podfile.lock. Run 'pod install' or update your CocoaPods installation.\" >&2\n    exit 1\nfi\n# This output is used by Xcode 'outputs' to avoid re-running this script phase.\necho \"SUCCESS\" > \"${SCRIPT_OUTPUT_FILE_0}\"\n";
			showEnvVarsInLog = 0;
		};
		8A1A6FB8F2ACF9B74701BE45 /* [CP] Embed Pods Frameworks */ = {
			isa = PBXShellScriptBuildPhase;
			buildActionMask = 2147483647;
			files = (
			);
			inputFileListPaths = (
				"${PODS_ROOT}/Target Support Files/Pods-SudoUserTests/Pods-SudoUserTests-frameworks-${CONFIGURATION}-input-files.xcfilelist",
			);
			name = "[CP] Embed Pods Frameworks";
			outputFileListPaths = (
				"${PODS_ROOT}/Target Support Files/Pods-SudoUserTests/Pods-SudoUserTests-frameworks-${CONFIGURATION}-output-files.xcfilelist",
			);
			runOnlyForDeploymentPostprocessing = 0;
			shellPath = /bin/sh;
			shellScript = "\"${PODS_ROOT}/Target Support Files/Pods-SudoUserTests/Pods-SudoUserTests-frameworks.sh\"\n";
			showEnvVarsInLog = 0;
		};
		B91506FC64BECD067EA1321F /* [CP] Embed Pods Frameworks */ = {
			isa = PBXShellScriptBuildPhase;
			buildActionMask = 2147483647;
			files = (
			);
			inputFileListPaths = (
				"${PODS_ROOT}/Target Support Files/Pods-SudoUserIntegrationTests/Pods-SudoUserIntegrationTests-frameworks-${CONFIGURATION}-input-files.xcfilelist",
			);
			name = "[CP] Embed Pods Frameworks";
			outputFileListPaths = (
				"${PODS_ROOT}/Target Support Files/Pods-SudoUserIntegrationTests/Pods-SudoUserIntegrationTests-frameworks-${CONFIGURATION}-output-files.xcfilelist",
			);
			runOnlyForDeploymentPostprocessing = 0;
			shellPath = /bin/sh;
			shellScript = "\"${PODS_ROOT}/Target Support Files/Pods-SudoUserIntegrationTests/Pods-SudoUserIntegrationTests-frameworks.sh\"\n";
			showEnvVarsInLog = 0;
		};
		D9535711237A674C00135836 /* Lint */ = {
			isa = PBXShellScriptBuildPhase;
			buildActionMask = 2147483647;
			files = (
			);
			inputFileListPaths = (
			);
			inputPaths = (
			);
			name = Lint;
			outputFileListPaths = (
			);
			outputPaths = (
			);
			runOnlyForDeploymentPostprocessing = 0;
			shellPath = /bin/sh;
			shellScript = "if which swiftlint > /dev/null; then\n    /usr/local/bin/swiftlint --path ${PROJECT_DIR}\nelse\n    echo \"Warning: SwiftLint not installed, run 'brew install swiftlint'\"\nfi\n";
		};
		D96E98FD231CE360005994EA /* Copy Config File */ = {
			isa = PBXShellScriptBuildPhase;
			buildActionMask = 2147483647;
			files = (
			);
			inputFileListPaths = (
			);
			inputPaths = (
			);
			name = "Copy Config File";
			outputFileListPaths = (
			);
			outputPaths = (
			);
			runOnlyForDeploymentPostprocessing = 0;
			shellPath = /bin/sh;
			shellScript = "# Type a script or drag a script file from your workspace to insert its path.\ncp -f config/sudoplatformconfig.json \"${TARGET_BUILD_DIR}/${UNLOCALIZED_RESOURCES_FOLDER_PATH}/\" || :\ncp -f config/fsso.key \"${TARGET_BUILD_DIR}/${UNLOCALIZED_RESOURCES_FOLDER_PATH}/\" || :\ncp -f config/fsso.id \"${TARGET_BUILD_DIR}/${UNLOCALIZED_RESOURCES_FOLDER_PATH}/\" || :\ncp -f config/register_key.id \"${TARGET_BUILD_DIR}/${UNLOCALIZED_RESOURCES_FOLDER_PATH}/\" || :\ncp -f config/register_key.private \"${TARGET_BUILD_DIR}/${UNLOCALIZED_RESOURCES_FOLDER_PATH}/\" || :\n\n";
		};
		D98138D9224CCA7400D298B2 /* Copy TEST keys */ = {
			isa = PBXShellScriptBuildPhase;
			buildActionMask = 2147483647;
			files = (
			);
			inputFileListPaths = (
			);
			inputPaths = (
			);
			name = "Copy TEST keys";
			outputFileListPaths = (
			);
			outputPaths = (
			);
			runOnlyForDeploymentPostprocessing = 0;
			shellPath = /bin/sh;
			shellScript = "cp -f config/sudoplatformconfig.json \"${TARGET_BUILD_DIR}/${UNLOCALIZED_RESOURCES_FOLDER_PATH}/\" || :\ncp -f config/fsso.key \"${TARGET_BUILD_DIR}/${UNLOCALIZED_RESOURCES_FOLDER_PATH}/\" || :\ncp -f config/fsso.id \"${TARGET_BUILD_DIR}/${UNLOCALIZED_RESOURCES_FOLDER_PATH}/\" || :\ncp -f config/register_key.id \"${TARGET_BUILD_DIR}/${UNLOCALIZED_RESOURCES_FOLDER_PATH}/\" || :\ncp -f config/register_key.private \"${TARGET_BUILD_DIR}/${UNLOCALIZED_RESOURCES_FOLDER_PATH}/\" || :\n";
		};
		F34DDBAA821D5FB0EC218E1E /* [CP] Embed Pods Frameworks */ = {
			isa = PBXShellScriptBuildPhase;
			buildActionMask = 2147483647;
			files = (
			);
			inputFileListPaths = (
				"${PODS_ROOT}/Target Support Files/Pods-TestApp/Pods-TestApp-frameworks-${CONFIGURATION}-input-files.xcfilelist",
			);
			name = "[CP] Embed Pods Frameworks";
			outputFileListPaths = (
				"${PODS_ROOT}/Target Support Files/Pods-TestApp/Pods-TestApp-frameworks-${CONFIGURATION}-output-files.xcfilelist",
			);
			runOnlyForDeploymentPostprocessing = 0;
			shellPath = /bin/sh;
			shellScript = "\"${PODS_ROOT}/Target Support Files/Pods-TestApp/Pods-TestApp-frameworks.sh\"\n";
			showEnvVarsInLog = 0;
		};
/* End PBXShellScriptBuildPhase section */

/* Begin PBXSourcesBuildPhase section */
		D94A11AC2240CADD00271C28 /* Sources */ = {
			isa = PBXSourcesBuildPhase;
			buildActionMask = 2147483647;
			files = (
				D94A11BC2240CB9300271C28 /* SudoUserIntegrationTests.swift in Sources */,
				D93EEC56228A6EC600535062 /* Data.swift in Sources */,
			);
			runOnlyForDeploymentPostprocessing = 0;
		};
		D94A11BD2240D9EB00271C28 /* Sources */ = {
			isa = PBXSourcesBuildPhase;
			buildActionMask = 2147483647;
			files = (
				D92CD5EF25BA904800E44057 /* AlertManager.swift in Sources */,
				D94A11C62240D9EC00271C28 /* ViewController.swift in Sources */,
				D96E98FA231CA960005994EA /* SudoUserClientManager.swift in Sources */,
				D94A11C42240D9EC00271C28 /* AppDelegate.swift in Sources */,
			);
			runOnlyForDeploymentPostprocessing = 0;
		};
		D9A68FD822406BDC0073C07C /* Sources */ = {
			isa = PBXSourcesBuildPhase;
			buildActionMask = 2147483647;
			files = (
				D94A11D82240E9E500271C28 /* JWT.swift in Sources */,
				D9CAEF36224369D400D8D4B5 /* Dictionary.swift in Sources */,
				D9622DFD2387A66B003FA683 /* CredentialsProvider.swift in Sources */,
				D9CAEF34224369D400D8D4B5 /* NSNumber.swift in Sources */,
				D99DD44922D31814008D94F8 /* API.swift in Sources */,
				D94A116F22407F2400271C28 /* RegistrationChallenge.swift in Sources */,
				D9FD0033246227920038A040 /* DefaultSudoUserClient.swift in Sources */,
				D94474A4227BEDF400C0872E /* CognitoUserPoolIdentityProvider.swift in Sources */,
				D94474AA227C1A2E00C0872E /* GraphQLAuthProvider.swift in Sources */,
				D94A117322407F2400271C28 /* Version.swift in Sources */,
				D9DAF63A24AAFB8B008F6F6B /* LocalAuthenticationProvider.swift in Sources */,
				D9FE014023A741F9009C0B60 /* AuthenticationTokens.swift in Sources */,
				D94A118022407F2400271C28 /* PublicKey.swift in Sources */,
				D9CF1826224840F900C84D45 /* IdentityProvider.swift in Sources */,
				D94DC7D9279E90BA00980F5D /* Error.swift in Sources */,
				D988A2C12266AB65005F116E /* AWSEndpoint.swift in Sources */,
				D94A116722407F2400271C28 /* SudoUserClient.swift in Sources */,
				D9A42383230A234800671795 /* IdentityProviderManager.swift in Sources */,
				D903B6ED23275A7A00B16E30 /* AuthUI.swift in Sources */,
				D9CAEF38224369D400D8D4B5 /* Data.swift in Sources */,
				D9CAEF35224369D400D8D4B5 /* Array.swift in Sources */,
				D94A117E22407F2400271C28 /* JSONSerializableObject.swift in Sources */,
				D94A118822407F2400271C28 /* Logger.swift in Sources */,
				D9F5E001242C79AD00748742 /* TESTAuthenticationProvider.swift in Sources */,
				D94A118322407F2400271C28 /* AuthenticationProvider.swift in Sources */,
				D9D6BD5427A249A40053B2B3 /* SignInObserversActor.swift in Sources */,
				D978DC092249D42A007CC979 /* MockSudoUserClient.swift in Sources */,
				D94A118B22407F2400271C28 /* SerializableObject.swift in Sources */,
				D9D6BD5027A237CD0053B2B3 /* ClientStateActor.swift in Sources */,
				D9CAEF39224369D400D8D4B5 /* Date.swift in Sources */,
				D9156AF9249B306900B0EF74 /* SignInStatusObserver.swift in Sources */,
				D9A4351D237937CB007FB579 /* SudoUserClientConfigProvider.swift in Sources */,
				D9CAEF37224369D400D8D4B5 /* NSLock.swift in Sources */,
				D94A116E22407F2400271C28 /* AuthenticationInfo.swift in Sources */,
			);
			runOnlyForDeploymentPostprocessing = 0;
		};
		D9A68FE122406BDC0073C07C /* Sources */ = {
			isa = PBXSourcesBuildPhase;
			buildActionMask = 2147483647;
			files = (
				D9A68FEB22406BDC0073C07C /* SudoUserTests.swift in Sources */,
			);
			runOnlyForDeploymentPostprocessing = 0;
		};
/* End PBXSourcesBuildPhase section */

/* Begin PBXTargetDependency section */
		D94A11B72240CADD00271C28 /* PBXTargetDependency */ = {
			isa = PBXTargetDependency;
			target = D9A68FDB22406BDC0073C07C /* SudoUser */;
			targetProxy = D94A11B62240CADD00271C28 /* PBXContainerItemProxy */;
		};
		D94A11D42240D9FA00271C28 /* PBXTargetDependency */ = {
			isa = PBXTargetDependency;
			target = D94A11C02240D9EB00271C28 /* TestApp */;
			targetProxy = D94A11D32240D9FA00271C28 /* PBXContainerItemProxy */;
		};
		D9A029D32241C3F900FC8A06 /* PBXTargetDependency */ = {
			isa = PBXTargetDependency;
			target = D94A11C02240D9EB00271C28 /* TestApp */;
			targetProxy = D9A029D22241C3F900FC8A06 /* PBXContainerItemProxy */;
		};
		D9A68FE822406BDC0073C07C /* PBXTargetDependency */ = {
			isa = PBXTargetDependency;
			target = D9A68FDB22406BDC0073C07C /* SudoUser */;
			targetProxy = D9A68FE722406BDC0073C07C /* PBXContainerItemProxy */;
		};
		D9F0B6EA2251895A00D085E1 /* PBXTargetDependency */ = {
			isa = PBXTargetDependency;
			target = D9A68FDB22406BDC0073C07C /* SudoUser */;
			targetProxy = D9F0B6E92251895A00D085E1 /* PBXContainerItemProxy */;
		};
/* End PBXTargetDependency section */

/* Begin PBXVariantGroup section */
		D94A11C72240D9EC00271C28 /* Main.storyboard */ = {
			isa = PBXVariantGroup;
			children = (
				D94A11C82240D9EC00271C28 /* Base */,
			);
			name = Main.storyboard;
			sourceTree = "<group>";
		};
		D94A11CC2240D9ED00271C28 /* LaunchScreen.storyboard */ = {
			isa = PBXVariantGroup;
			children = (
				D94A11CD2240D9ED00271C28 /* Base */,
			);
			name = LaunchScreen.storyboard;
			sourceTree = "<group>";
		};
/* End PBXVariantGroup section */

/* Begin XCBuildConfiguration section */
		D94A11B92240CADD00271C28 /* Debug */ = {
			isa = XCBuildConfiguration;
			baseConfigurationReference = 8928B0B4014A21CB7E167C5A /* Pods-SudoUserIntegrationTests.debug.xcconfig */;
			buildSettings = {
				BUNDLE_LOADER = "$(TEST_HOST)";
				CLANG_ENABLE_MODULES = YES;
				CODE_SIGN_STYLE = Automatic;
				DEVELOPMENT_TEAM = UU2W43R8JA;
				INFOPLIST_FILE = SudoUserIntegrationTests/Info.plist;
				LD_RUNPATH_SEARCH_PATHS = (
					"$(inherited)",
					"@executable_path/Frameworks",
					"@loader_path/Frameworks",
				);
				PRODUCT_BUNDLE_IDENTIFIER = com.sudoplatform.SudoUserIntegrationTests;
				PRODUCT_NAME = "$(TARGET_NAME)";
				SWIFT_OPTIMIZATION_LEVEL = "-Onone";
				TARGETED_DEVICE_FAMILY = "1,2";
				TEST_HOST = "$(BUILT_PRODUCTS_DIR)/TestApp.app/TestApp";
			};
			name = Debug;
		};
		D94A11BA2240CADD00271C28 /* Release */ = {
			isa = XCBuildConfiguration;
			baseConfigurationReference = 7360D3B621BEE707534D50F5 /* Pods-SudoUserIntegrationTests.release.xcconfig */;
			buildSettings = {
				BUNDLE_LOADER = "$(TEST_HOST)";
				CLANG_ENABLE_MODULES = YES;
				CODE_SIGN_STYLE = Automatic;
				DEVELOPMENT_TEAM = UU2W43R8JA;
				INFOPLIST_FILE = SudoUserIntegrationTests/Info.plist;
				LD_RUNPATH_SEARCH_PATHS = (
					"$(inherited)",
					"@executable_path/Frameworks",
					"@loader_path/Frameworks",
				);
				PRODUCT_BUNDLE_IDENTIFIER = com.sudoplatform.SudoUserIntegrationTests;
				PRODUCT_NAME = "$(TARGET_NAME)";
				TARGETED_DEVICE_FAMILY = "1,2";
				TEST_HOST = "$(BUILT_PRODUCTS_DIR)/TestApp.app/TestApp";
			};
			name = Release;
		};
		D94A11D02240D9ED00271C28 /* Debug */ = {
			isa = XCBuildConfiguration;
			baseConfigurationReference = 1089840AF09B8C3858CC3E3D /* Pods-TestApp.debug.xcconfig */;
			buildSettings = {
				ALWAYS_EMBED_SWIFT_STANDARD_LIBRARIES = YES;
				ASSETCATALOG_COMPILER_APPICON_NAME = AppIcon;
				CODE_SIGN_ENTITLEMENTS = TestApp/TestApp.entitlements;
				CODE_SIGN_STYLE = Automatic;
				DEVELOPMENT_TEAM = UU2W43R8JA;
				INFOPLIST_FILE = TestApp/Info.plist;
				IPHONEOS_DEPLOYMENT_TARGET = 14.0;
				LD_RUNPATH_SEARCH_PATHS = (
					"$(inherited)",
					"@executable_path/Frameworks",
				);
				PRODUCT_BUNDLE_IDENTIFIER = "com.anonyome.mysudo-dev";
				PRODUCT_NAME = "$(TARGET_NAME)";
				TARGETED_DEVICE_FAMILY = "1,2";
			};
			name = Debug;
		};
		D94A11D12240D9ED00271C28 /* Release */ = {
			isa = XCBuildConfiguration;
			baseConfigurationReference = 952C3B4660083237FFEB184C /* Pods-TestApp.release.xcconfig */;
			buildSettings = {
				ALWAYS_EMBED_SWIFT_STANDARD_LIBRARIES = YES;
				ASSETCATALOG_COMPILER_APPICON_NAME = AppIcon;
				CODE_SIGN_ENTITLEMENTS = TestApp/TestApp.entitlements;
				CODE_SIGN_STYLE = Automatic;
				DEVELOPMENT_TEAM = UU2W43R8JA;
				ENABLE_TESTABILITY = YES;
				INFOPLIST_FILE = TestApp/Info.plist;
				IPHONEOS_DEPLOYMENT_TARGET = 14.0;
				LD_RUNPATH_SEARCH_PATHS = (
					"$(inherited)",
					"@executable_path/Frameworks",
				);
				PRODUCT_BUNDLE_IDENTIFIER = "com.anonyome.mysudo-dev";
				PRODUCT_NAME = "$(TARGET_NAME)";
				TARGETED_DEVICE_FAMILY = "1,2";
			};
			name = Release;
		};
		D9A68FEE22406BDC0073C07C /* Debug */ = {
			isa = XCBuildConfiguration;
			buildSettings = {
				ALWAYS_SEARCH_USER_PATHS = NO;
				CLANG_ANALYZER_NONNULL = YES;
				CLANG_ANALYZER_NUMBER_OBJECT_CONVERSION = YES_AGGRESSIVE;
				CLANG_CXX_LANGUAGE_STANDARD = "gnu++14";
				CLANG_CXX_LIBRARY = "libc++";
				CLANG_ENABLE_MODULES = YES;
				CLANG_ENABLE_OBJC_ARC = YES;
				CLANG_ENABLE_OBJC_WEAK = YES;
				CLANG_WARN_BLOCK_CAPTURE_AUTORELEASING = YES;
				CLANG_WARN_BOOL_CONVERSION = YES;
				CLANG_WARN_COMMA = YES;
				CLANG_WARN_CONSTANT_CONVERSION = YES;
				CLANG_WARN_DEPRECATED_OBJC_IMPLEMENTATIONS = YES;
				CLANG_WARN_DIRECT_OBJC_ISA_USAGE = YES_ERROR;
				CLANG_WARN_DOCUMENTATION_COMMENTS = YES;
				CLANG_WARN_EMPTY_BODY = YES;
				CLANG_WARN_ENUM_CONVERSION = YES;
				CLANG_WARN_INFINITE_RECURSION = YES;
				CLANG_WARN_INT_CONVERSION = YES;
				CLANG_WARN_NON_LITERAL_NULL_CONVERSION = YES;
				CLANG_WARN_OBJC_IMPLICIT_RETAIN_SELF = YES;
				CLANG_WARN_OBJC_LITERAL_CONVERSION = YES;
				CLANG_WARN_OBJC_ROOT_CLASS = YES_ERROR;
				CLANG_WARN_QUOTED_INCLUDE_IN_FRAMEWORK_HEADER = YES;
				CLANG_WARN_RANGE_LOOP_ANALYSIS = YES;
				CLANG_WARN_STRICT_PROTOTYPES = YES;
				CLANG_WARN_SUSPICIOUS_MOVE = YES;
				CLANG_WARN_UNGUARDED_AVAILABILITY = YES_AGGRESSIVE;
				CLANG_WARN_UNREACHABLE_CODE = YES;
				CLANG_WARN__DUPLICATE_METHOD_MATCH = YES;
				CODE_SIGN_IDENTITY = "iPhone Developer";
				COPY_PHASE_STRIP = NO;
				CURRENT_PROJECT_VERSION = 1;
				DEBUG_INFORMATION_FORMAT = dwarf;
				ENABLE_STRICT_OBJC_MSGSEND = YES;
				ENABLE_TESTABILITY = YES;
				GCC_C_LANGUAGE_STANDARD = gnu11;
				GCC_DYNAMIC_NO_PIC = NO;
				GCC_NO_COMMON_BLOCKS = YES;
				GCC_OPTIMIZATION_LEVEL = 0;
				GCC_PREPROCESSOR_DEFINITIONS = (
					"DEBUG=1",
					"$(inherited)",
				);
				GCC_WARN_64_TO_32_BIT_CONVERSION = YES;
				GCC_WARN_ABOUT_RETURN_TYPE = YES_ERROR;
				GCC_WARN_UNDECLARED_SELECTOR = YES;
				GCC_WARN_UNINITIALIZED_AUTOS = YES_AGGRESSIVE;
				GCC_WARN_UNUSED_FUNCTION = YES;
				GCC_WARN_UNUSED_VARIABLE = YES;
				IPHONEOS_DEPLOYMENT_TARGET = 14.0;
				MTL_ENABLE_DEBUG_INFO = INCLUDE_SOURCE;
				MTL_FAST_MATH = YES;
				ONLY_ACTIVE_ARCH = YES;
				SDKROOT = iphoneos;
				SWIFT_ACTIVE_COMPILATION_CONDITIONS = DEBUG;
				SWIFT_OPTIMIZATION_LEVEL = "-Onone";
				SWIFT_VERSION = 5.0;
				VERSIONING_SYSTEM = "apple-generic";
				VERSION_INFO_PREFIX = "";
			};
			name = Debug;
		};
		D9A68FEF22406BDC0073C07C /* Release */ = {
			isa = XCBuildConfiguration;
			buildSettings = {
				ALWAYS_SEARCH_USER_PATHS = NO;
				CLANG_ANALYZER_NONNULL = YES;
				CLANG_ANALYZER_NUMBER_OBJECT_CONVERSION = YES_AGGRESSIVE;
				CLANG_CXX_LANGUAGE_STANDARD = "gnu++14";
				CLANG_CXX_LIBRARY = "libc++";
				CLANG_ENABLE_MODULES = YES;
				CLANG_ENABLE_OBJC_ARC = YES;
				CLANG_ENABLE_OBJC_WEAK = YES;
				CLANG_WARN_BLOCK_CAPTURE_AUTORELEASING = YES;
				CLANG_WARN_BOOL_CONVERSION = YES;
				CLANG_WARN_COMMA = YES;
				CLANG_WARN_CONSTANT_CONVERSION = YES;
				CLANG_WARN_DEPRECATED_OBJC_IMPLEMENTATIONS = YES;
				CLANG_WARN_DIRECT_OBJC_ISA_USAGE = YES_ERROR;
				CLANG_WARN_DOCUMENTATION_COMMENTS = YES;
				CLANG_WARN_EMPTY_BODY = YES;
				CLANG_WARN_ENUM_CONVERSION = YES;
				CLANG_WARN_INFINITE_RECURSION = YES;
				CLANG_WARN_INT_CONVERSION = YES;
				CLANG_WARN_NON_LITERAL_NULL_CONVERSION = YES;
				CLANG_WARN_OBJC_IMPLICIT_RETAIN_SELF = YES;
				CLANG_WARN_OBJC_LITERAL_CONVERSION = YES;
				CLANG_WARN_OBJC_ROOT_CLASS = YES_ERROR;
				CLANG_WARN_QUOTED_INCLUDE_IN_FRAMEWORK_HEADER = YES;
				CLANG_WARN_RANGE_LOOP_ANALYSIS = YES;
				CLANG_WARN_STRICT_PROTOTYPES = YES;
				CLANG_WARN_SUSPICIOUS_MOVE = YES;
				CLANG_WARN_UNGUARDED_AVAILABILITY = YES_AGGRESSIVE;
				CLANG_WARN_UNREACHABLE_CODE = YES;
				CLANG_WARN__DUPLICATE_METHOD_MATCH = YES;
				CODE_SIGN_IDENTITY = "iPhone Developer";
				COPY_PHASE_STRIP = NO;
				CURRENT_PROJECT_VERSION = 1;
				DEBUG_INFORMATION_FORMAT = "dwarf-with-dsym";
				ENABLE_NS_ASSERTIONS = NO;
				ENABLE_STRICT_OBJC_MSGSEND = YES;
				GCC_C_LANGUAGE_STANDARD = gnu11;
				GCC_NO_COMMON_BLOCKS = YES;
				GCC_WARN_64_TO_32_BIT_CONVERSION = YES;
				GCC_WARN_ABOUT_RETURN_TYPE = YES_ERROR;
				GCC_WARN_UNDECLARED_SELECTOR = YES;
				GCC_WARN_UNINITIALIZED_AUTOS = YES_AGGRESSIVE;
				GCC_WARN_UNUSED_FUNCTION = YES;
				GCC_WARN_UNUSED_VARIABLE = YES;
				IPHONEOS_DEPLOYMENT_TARGET = 14.0;
				MTL_ENABLE_DEBUG_INFO = NO;
				MTL_FAST_MATH = YES;
				SDKROOT = iphoneos;
				SWIFT_COMPILATION_MODE = wholemodule;
				SWIFT_OPTIMIZATION_LEVEL = "-O";
				SWIFT_VERSION = 5.0;
				VALIDATE_PRODUCT = YES;
				VERSIONING_SYSTEM = "apple-generic";
				VERSION_INFO_PREFIX = "";
			};
			name = Release;
		};
		D9A68FF122406BDC0073C07C /* Debug */ = {
			isa = XCBuildConfiguration;
			baseConfigurationReference = FC4F3A0D4B75784109B3F1A5 /* Pods-SudoUser.debug.xcconfig */;
			buildSettings = {
				CLANG_ENABLE_MODULES = YES;
				CODE_SIGN_IDENTITY = "";
				CODE_SIGN_STYLE = Automatic;
				DEFINES_MODULE = YES;
				DEVELOPMENT_TEAM = UU2W43R8JA;
				DYLIB_COMPATIBILITY_VERSION = 1;
				DYLIB_CURRENT_VERSION = 1;
				DYLIB_INSTALL_NAME_BASE = "@rpath";
				INFOPLIST_FILE = SudoUser/Info.plist;
				INSTALL_PATH = "$(LOCAL_LIBRARY_DIR)/Frameworks";
				IPHONEOS_DEPLOYMENT_TARGET = 14.0;
				LD_RUNPATH_SEARCH_PATHS = (
					"$(inherited)",
					"@executable_path/Frameworks",
					"@loader_path/Frameworks",
				);
				PRODUCT_BUNDLE_IDENTIFIER = com.sudoplatform.sudouser;
				PRODUCT_NAME = "$(TARGET_NAME:c99extidentifier)";
				SKIP_INSTALL = YES;
				SWIFT_OPTIMIZATION_LEVEL = "-Onone";
				TARGETED_DEVICE_FAMILY = "1,2";
			};
			name = Debug;
		};
		D9A68FF222406BDC0073C07C /* Release */ = {
			isa = XCBuildConfiguration;
			baseConfigurationReference = 788995CA37D1FA570AB6E997 /* Pods-SudoUser.release.xcconfig */;
			buildSettings = {
				CLANG_ENABLE_MODULES = YES;
				CODE_SIGN_IDENTITY = "";
				CODE_SIGN_STYLE = Automatic;
				DEFINES_MODULE = YES;
				DEVELOPMENT_TEAM = UU2W43R8JA;
				DYLIB_COMPATIBILITY_VERSION = 1;
				DYLIB_CURRENT_VERSION = 1;
				DYLIB_INSTALL_NAME_BASE = "@rpath";
				INFOPLIST_FILE = SudoUser/Info.plist;
				INSTALL_PATH = "$(LOCAL_LIBRARY_DIR)/Frameworks";
				IPHONEOS_DEPLOYMENT_TARGET = 14.0;
				LD_RUNPATH_SEARCH_PATHS = (
					"$(inherited)",
					"@executable_path/Frameworks",
					"@loader_path/Frameworks",
				);
				PRODUCT_BUNDLE_IDENTIFIER = com.sudoplatform.sudouser;
				PRODUCT_NAME = "$(TARGET_NAME:c99extidentifier)";
				SKIP_INSTALL = YES;
				TARGETED_DEVICE_FAMILY = "1,2";
			};
			name = Release;
		};
		D9A68FF422406BDC0073C07C /* Debug */ = {
			isa = XCBuildConfiguration;
			baseConfigurationReference = BD1ADF96715646A47150241F /* Pods-SudoUserTests.debug.xcconfig */;
			buildSettings = {
				ALWAYS_EMBED_SWIFT_STANDARD_LIBRARIES = YES;
				CODE_SIGN_STYLE = Automatic;
				DEVELOPMENT_TEAM = UU2W43R8JA;
				INFOPLIST_FILE = SudoUserTests/Info.plist;
				LD_RUNPATH_SEARCH_PATHS = (
					"$(inherited)",
					"@executable_path/Frameworks",
					"@loader_path/Frameworks",
				);
				PRODUCT_BUNDLE_IDENTIFIER = com.sudoplatform.SudoUserTests;
				PRODUCT_NAME = "$(TARGET_NAME)";
				TARGETED_DEVICE_FAMILY = "1,2";
				TEST_HOST = "$(BUILT_PRODUCTS_DIR)/TestApp.app/TestApp";
			};
			name = Debug;
		};
		D9A68FF522406BDC0073C07C /* Release */ = {
			isa = XCBuildConfiguration;
			baseConfigurationReference = 3C34A3A5514BBD626DA281AB /* Pods-SudoUserTests.release.xcconfig */;
			buildSettings = {
				ALWAYS_EMBED_SWIFT_STANDARD_LIBRARIES = YES;
				CODE_SIGN_STYLE = Automatic;
				DEVELOPMENT_TEAM = UU2W43R8JA;
				INFOPLIST_FILE = SudoUserTests/Info.plist;
				LD_RUNPATH_SEARCH_PATHS = (
					"$(inherited)",
					"@executable_path/Frameworks",
					"@loader_path/Frameworks",
				);
				PRODUCT_BUNDLE_IDENTIFIER = com.sudoplatform.SudoUserTests;
				PRODUCT_NAME = "$(TARGET_NAME)";
				TARGETED_DEVICE_FAMILY = "1,2";
				TEST_HOST = "$(BUILT_PRODUCTS_DIR)/TestApp.app/TestApp";
			};
			name = Release;
		};
/* End XCBuildConfiguration section */

/* Begin XCConfigurationList section */
		D94A11B82240CADD00271C28 /* Build configuration list for PBXNativeTarget "SudoUserIntegrationTests" */ = {
			isa = XCConfigurationList;
			buildConfigurations = (
				D94A11B92240CADD00271C28 /* Debug */,
				D94A11BA2240CADD00271C28 /* Release */,
			);
			defaultConfigurationIsVisible = 0;
			defaultConfigurationName = Release;
		};
		D94A11D22240D9ED00271C28 /* Build configuration list for PBXNativeTarget "TestApp" */ = {
			isa = XCConfigurationList;
			buildConfigurations = (
				D94A11D02240D9ED00271C28 /* Debug */,
				D94A11D12240D9ED00271C28 /* Release */,
			);
			defaultConfigurationIsVisible = 0;
			defaultConfigurationName = Release;
		};
		D9A68FD622406BDC0073C07C /* Build configuration list for PBXProject "SudoUser" */ = {
			isa = XCConfigurationList;
			buildConfigurations = (
				D9A68FEE22406BDC0073C07C /* Debug */,
				D9A68FEF22406BDC0073C07C /* Release */,
			);
			defaultConfigurationIsVisible = 0;
			defaultConfigurationName = Release;
		};
		D9A68FF022406BDC0073C07C /* Build configuration list for PBXNativeTarget "SudoUser" */ = {
			isa = XCConfigurationList;
			buildConfigurations = (
				D9A68FF122406BDC0073C07C /* Debug */,
				D9A68FF222406BDC0073C07C /* Release */,
			);
			defaultConfigurationIsVisible = 0;
			defaultConfigurationName = Release;
		};
		D9A68FF322406BDC0073C07C /* Build configuration list for PBXNativeTarget "SudoUserTests" */ = {
			isa = XCConfigurationList;
			buildConfigurations = (
				D9A68FF422406BDC0073C07C /* Debug */,
				D9A68FF522406BDC0073C07C /* Release */,
			);
			defaultConfigurationIsVisible = 0;
			defaultConfigurationName = Release;
		};
/* End XCConfigurationList section */
	};
	rootObject = D9A68FD322406BDC0073C07C /* Project object */;
}
