// !$*UTF8*$!
{
	archiveVersion = 1;
	classes = {
	};
	objectVersion = 54;
	objects = {

/* Begin PBXBuildFile section */
		411F3BD22D5AD43700D6E335 /* SudoUser in Frameworks */ = {isa = PBXBuildFile; productRef = 411F3BD12D5AD43700D6E335 /* SudoUser */; };
		411F3BD92D5AD5B500D6E335 /* Amplify in Frameworks */ = {isa = PBXBuildFile; productRef = 411F3BD82D5AD5B500D6E335 /* Amplify */; };
		411F3BDD2D5AF7E000D6E335 /* Amplify in Frameworks */ = {isa = PBXBuildFile; productRef = 411F3BDC2D5AF7E000D6E335 /* Amplify */; };
		41417A322D547BCB00B1A781 /* URLSessionMock.swift in Sources */ = {isa = PBXBuildFile; fileRef = 41417A312D547BCB00B1A781 /* URLSessionMock.swift */; };
		41417A342D547BD700B1A781 /* ASWebAuthenticationSessionMock.swift in Sources */ = {isa = PBXBuildFile; fileRef = 41417A332D547BD700B1A781 /* ASWebAuthenticationSessionMock.swift */; };
		41417A5A2D596D7C00B1A781 /* DeviceCheckClient.swift in Sources */ = {isa = PBXBuildFile; fileRef = 9568CE292AF8B7E900C81F02 /* DeviceCheckClient.swift */; };
		41417A6C2D5996BD00B1A781 /* KeyManagerMock.swift in Sources */ = {isa = PBXBuildFile; fileRef = 41417A6B2D5996BD00B1A781 /* KeyManagerMock.swift */; };
		41417A722D59973A00B1A781 /* SignInStatusObserverMock.swift in Sources */ = {isa = PBXBuildFile; fileRef = 41417A712D59973A00B1A781 /* SignInStatusObserverMock.swift */; };
		41417A762D5997A600B1A781 /* AuthenticationWorkerMock.swift in Sources */ = {isa = PBXBuildFile; fileRef = 41417A752D5997A600B1A781 /* AuthenticationWorkerMock.swift */; };
		41417A782D59983100B1A781 /* GraphQLClientMock.swift in Sources */ = {isa = PBXBuildFile; fileRef = 41417A772D59983100B1A781 /* GraphQLClientMock.swift */; };
		41417A7C2D59CF6A00B1A781 /* JSONSerializableObjectTests.swift in Sources */ = {isa = PBXBuildFile; fileRef = 41417A7B2D59CF6A00B1A781 /* JSONSerializableObjectTests.swift */; };
		41417A7E2D59D14300B1A781 /* JWTTests.swift in Sources */ = {isa = PBXBuildFile; fileRef = 41417A7D2D59D14300B1A781 /* JWTTests.swift */; };
		41417A802D59D66C00B1A781 /* AuthenticationProviderMock.swift in Sources */ = {isa = PBXBuildFile; fileRef = 41417A7F2D59D66C00B1A781 /* AuthenticationProviderMock.swift */; };
		41417A822D59D96F00B1A781 /* AdminAPI.swift in Sources */ = {isa = PBXBuildFile; fileRef = 41417A812D59D96F00B1A781 /* AdminAPI.swift */; };
		416058D82D5C67B500793ABB /* DeviceCheckTests.swift in Sources */ = {isa = PBXBuildFile; fileRef = 416058D72D5C67B500793ABB /* DeviceCheckTests.swift */; };
		416058DB2D5C74FE00793ABB /* SignInStatusObserverMock.swift in Sources */ = {isa = PBXBuildFile; fileRef = 416058DA2D5C74FE00793ABB /* SignInStatusObserverMock.swift */; };
		416058DF2D5D651500793ABB /* PasswordGenerator.swift in Sources */ = {isa = PBXBuildFile; fileRef = 416058DE2D5D651500793ABB /* PasswordGenerator.swift */; };
		416058E12D5D661900793ABB /* DefaultPasswordGenerator.swift in Sources */ = {isa = PBXBuildFile; fileRef = 416058E02D5D661900793ABB /* DefaultPasswordGenerator.swift */; };
		416058F42D5DBF0500793ABB /* PasswordGeneratorTests.swift in Sources */ = {isa = PBXBuildFile; fileRef = 416058F32D5DBF0500793ABB /* PasswordGeneratorTests.swift */; };
		416058FC2D5EAAD600793ABB /* Constants.swift in Sources */ = {isa = PBXBuildFile; fileRef = 416058FB2D5EAAD600793ABB /* Constants.swift */; };
		D902C23E22792EDE0076F802 /* sandboxReceipt in Resources */ = {isa = PBXBuildFile; fileRef = D9F1002F2264302C00008B3F /* sandboxReceipt */; };
		D928A86D22D8558600D270B6 /* Auth0.plist in Resources */ = {isa = PBXBuildFile; fileRef = D928A86C22D8558600D270B6 /* Auth0.plist */; };
		D92CD5EF25BA904800E44057 /* AlertManager.swift in Sources */ = {isa = PBXBuildFile; fileRef = D92CD5EE25BA904800E44057 /* AlertManager.swift */; };
		D94A11BC2240CB9300271C28 /* SudoUserIntegrationTests.swift in Sources */ = {isa = PBXBuildFile; fileRef = D94A11BB2240CB9300271C28 /* SudoUserIntegrationTests.swift */; };
		D94A11C42240D9EC00271C28 /* AppDelegate.swift in Sources */ = {isa = PBXBuildFile; fileRef = D94A11C32240D9EC00271C28 /* AppDelegate.swift */; };
		D94A11C62240D9EC00271C28 /* ViewController.swift in Sources */ = {isa = PBXBuildFile; fileRef = D94A11C52240D9EC00271C28 /* ViewController.swift */; };
		D94A11C92240D9EC00271C28 /* Main.storyboard in Resources */ = {isa = PBXBuildFile; fileRef = D94A11C72240D9EC00271C28 /* Main.storyboard */; };
		D94A11CB2240D9ED00271C28 /* Assets.xcassets in Resources */ = {isa = PBXBuildFile; fileRef = D94A11CA2240D9ED00271C28 /* Assets.xcassets */; };
		D94A11CE2240D9ED00271C28 /* LaunchScreen.storyboard in Resources */ = {isa = PBXBuildFile; fileRef = D94A11CC2240D9ED00271C28 /* LaunchScreen.storyboard */; };
		D99CE0D8230D1FE0006BE67F /* avatar.png in Resources */ = {isa = PBXBuildFile; fileRef = D99CE0D7230D1FE0006BE67F /* avatar.png */; };
		D9A68FEB22406BDC0073C07C /* SudoUserClientTests.swift in Sources */ = {isa = PBXBuildFile; fileRef = D9A68FEA22406BDC0073C07C /* SudoUserClientTests.swift */; };
/* End PBXBuildFile section */

/* Begin PBXContainerItemProxy section */
		D94A11D32240D9FA00271C28 /* PBXContainerItemProxy */ = {
			isa = PBXContainerItemProxy;
			containerPortal = D9A68FD322406BDC0073C07C /* Project object */;
			proxyType = 1;
			remoteGlobalIDString = D94A11C02240D9EB00271C28;
			remoteInfo = TestApp;
		};
		D9A029D22241C3F900FC8A06 /* PBXContainerItemProxy */ = {
			isa = PBXContainerItemProxy;
			containerPortal = D9A68FD322406BDC0073C07C /* Project object */;
			proxyType = 1;
			remoteGlobalIDString = D94A11C02240D9EB00271C28;
			remoteInfo = TestApp;
		};
/* End PBXContainerItemProxy section */

/* Begin PBXCopyFilesBuildPhase section */
		D9F0B6EB2251895A00D085E1 /* Embed Frameworks */ = {
			isa = PBXCopyFilesBuildPhase;
			buildActionMask = 2147483647;
			dstPath = "";
			dstSubfolderSpec = 10;
			files = (
			);
			name = "Embed Frameworks";
			runOnlyForDeploymentPostprocessing = 0;
		};
/* End PBXCopyFilesBuildPhase section */

/* Begin PBXFileReference section */
		41218F0D2D62F24F000EC9B1 /* SudoUserClientErrorTransformer.swift */ = {isa = PBXFileReference; lastKnownFileType = sourcecode.swift; path = SudoUserClientErrorTransformer.swift; sourceTree = "<group>"; };
		41417A2F2D54737C00B1A781 /* URLSessionProtocol.swift */ = {isa = PBXFileReference; lastKnownFileType = sourcecode.swift; path = URLSessionProtocol.swift; sourceTree = "<group>"; };
		41417A312D547BCB00B1A781 /* URLSessionMock.swift */ = {isa = PBXFileReference; lastKnownFileType = sourcecode.swift; path = URLSessionMock.swift; sourceTree = "<group>"; };
		41417A332D547BD700B1A781 /* ASWebAuthenticationSessionMock.swift */ = {isa = PBXFileReference; lastKnownFileType = sourcecode.swift; path = ASWebAuthenticationSessionMock.swift; sourceTree = "<group>"; };
		41417A482D55D66A00B1A781 /* API.swift */ = {isa = PBXFileReference; fileEncoding = 4; lastKnownFileType = sourcecode.swift; path = API.swift; sourceTree = "<group>"; };
		41417A602D596F4700B1A781 /* String+Extensions.swift */ = {isa = PBXFileReference; lastKnownFileType = sourcecode.swift; path = "String+Extensions.swift"; sourceTree = "<group>"; };
		41417A652D59725200B1A781 /* APISwiftGraphQLOperation+Extensions.swift */ = {isa = PBXFileReference; lastKnownFileType = sourcecode.swift; path = "APISwiftGraphQLOperation+Extensions.swift"; sourceTree = "<group>"; };
		41417A672D59735300B1A781 /* GraphQLClient.swift */ = {isa = PBXFileReference; lastKnownFileType = sourcecode.swift; path = GraphQLClient.swift; sourceTree = "<group>"; };
		41417A692D59855000B1A781 /* DefaultGraphQLClient.swift */ = {isa = PBXFileReference; lastKnownFileType = sourcecode.swift; path = DefaultGraphQLClient.swift; sourceTree = "<group>"; };
		41417A6B2D5996BD00B1A781 /* KeyManagerMock.swift */ = {isa = PBXFileReference; lastKnownFileType = sourcecode.swift; path = KeyManagerMock.swift; sourceTree = "<group>"; };
		41417A712D59973A00B1A781 /* SignInStatusObserverMock.swift */ = {isa = PBXFileReference; lastKnownFileType = sourcecode.swift; path = SignInStatusObserverMock.swift; sourceTree = "<group>"; };
		41417A752D5997A600B1A781 /* AuthenticationWorkerMock.swift */ = {isa = PBXFileReference; lastKnownFileType = sourcecode.swift; path = AuthenticationWorkerMock.swift; sourceTree = "<group>"; };
		41417A772D59983100B1A781 /* GraphQLClientMock.swift */ = {isa = PBXFileReference; lastKnownFileType = sourcecode.swift; path = GraphQLClientMock.swift; sourceTree = "<group>"; };
		41417A7B2D59CF6A00B1A781 /* JSONSerializableObjectTests.swift */ = {isa = PBXFileReference; lastKnownFileType = sourcecode.swift; path = JSONSerializableObjectTests.swift; sourceTree = "<group>"; };
		41417A7D2D59D14300B1A781 /* JWTTests.swift */ = {isa = PBXFileReference; lastKnownFileType = sourcecode.swift; path = JWTTests.swift; sourceTree = "<group>"; };
		41417A7F2D59D66C00B1A781 /* AuthenticationProviderMock.swift */ = {isa = PBXFileReference; lastKnownFileType = sourcecode.swift; path = AuthenticationProviderMock.swift; sourceTree = "<group>"; };
		41417A812D59D96F00B1A781 /* AdminAPI.swift */ = {isa = PBXFileReference; fileEncoding = 4; lastKnownFileType = sourcecode.swift; path = AdminAPI.swift; sourceTree = "<group>"; };
		416058D72D5C67B500793ABB /* DeviceCheckTests.swift */ = {isa = PBXFileReference; lastKnownFileType = sourcecode.swift; path = DeviceCheckTests.swift; sourceTree = "<group>"; };
		416058DA2D5C74FE00793ABB /* SignInStatusObserverMock.swift */ = {isa = PBXFileReference; lastKnownFileType = sourcecode.swift; path = SignInStatusObserverMock.swift; sourceTree = "<group>"; };
		416058DE2D5D651500793ABB /* PasswordGenerator.swift */ = {isa = PBXFileReference; lastKnownFileType = sourcecode.swift; path = PasswordGenerator.swift; sourceTree = "<group>"; };
		416058E02D5D661900793ABB /* DefaultPasswordGenerator.swift */ = {isa = PBXFileReference; lastKnownFileType = sourcecode.swift; path = DefaultPasswordGenerator.swift; sourceTree = "<group>"; };
		416058F32D5DBF0500793ABB /* PasswordGeneratorTests.swift */ = {isa = PBXFileReference; lastKnownFileType = sourcecode.swift; path = PasswordGeneratorTests.swift; sourceTree = "<group>"; };
		416058F52D5EA47700793ABB /* IdentityServiceConfig.swift */ = {isa = PBXFileReference; lastKnownFileType = sourcecode.swift; path = IdentityServiceConfig.swift; sourceTree = "<group>"; };
		416058F72D5EA48A00793ABB /* FederatedSignInConfig.swift */ = {isa = PBXFileReference; lastKnownFileType = sourcecode.swift; path = FederatedSignInConfig.swift; sourceTree = "<group>"; };
		416058F92D5EA9BF00793ABB /* ConfigurationTransformer.swift */ = {isa = PBXFileReference; lastKnownFileType = sourcecode.swift; path = ConfigurationTransformer.swift; sourceTree = "<group>"; };
		416058FB2D5EAAD600793ABB /* Constants.swift */ = {isa = PBXFileReference; lastKnownFileType = sourcecode.swift; path = Constants.swift; sourceTree = "<group>"; };
		418E57102D6EA449006A57FE /* DefultAPIAuthProviderFactory.swift */ = {isa = PBXFileReference; lastKnownFileType = sourcecode.swift; path = DefultAPIAuthProviderFactory.swift; sourceTree = "<group>"; };
		418E57112D6EA460006A57FE /* DefaultAmplifyOIDCAuthProvider.swift */ = {isa = PBXFileReference; lastKnownFileType = sourcecode.swift; path = DefaultAmplifyOIDCAuthProvider.swift; sourceTree = "<group>"; };
		419456B22D6422F800218F3F /* ClientStateActor.swift */ = {isa = PBXFileReference; lastKnownFileType = sourcecode.swift; path = ClientStateActor.swift; sourceTree = "<group>"; };
		9568CE292AF8B7E900C81F02 /* DeviceCheckClient.swift */ = {isa = PBXFileReference; lastKnownFileType = sourcecode.swift; path = DeviceCheckClient.swift; sourceTree = "<group>"; };
		D9156AF8249B306900B0EF74 /* SignInStatusObserver.swift */ = {isa = PBXFileReference; lastKnownFileType = sourcecode.swift; path = SignInStatusObserver.swift; sourceTree = "<group>"; };
		D928A86C22D8558600D270B6 /* Auth0.plist */ = {isa = PBXFileReference; lastKnownFileType = text.plist.xml; path = Auth0.plist; sourceTree = "<group>"; };
		D92CD5EE25BA904800E44057 /* AlertManager.swift */ = {isa = PBXFileReference; lastKnownFileType = sourcecode.swift; path = AlertManager.swift; sourceTree = "<group>"; };
		D94474A3227BEDF400C0872E /* DefaultAuthenticationWorker.swift */ = {isa = PBXFileReference; lastKnownFileType = sourcecode.swift; path = DefaultAuthenticationWorker.swift; sourceTree = "<group>"; };
		D94A113F22407F2200271C28 /* SudoUserClient.swift */ = {isa = PBXFileReference; fileEncoding = 4; lastKnownFileType = sourcecode.swift; path = SudoUserClient.swift; sourceTree = "<group>"; };
		D94A114622407F2200271C28 /* AuthenticationInfo.swift */ = {isa = PBXFileReference; fileEncoding = 4; lastKnownFileType = sourcecode.swift; path = AuthenticationInfo.swift; sourceTree = "<group>"; };
		D94A114722407F2200271C28 /* RegistrationChallenge.swift */ = {isa = PBXFileReference; fileEncoding = 4; lastKnownFileType = sourcecode.swift; path = RegistrationChallenge.swift; sourceTree = "<group>"; };
		D94A114B22407F2200271C28 /* Version.swift */ = {isa = PBXFileReference; fileEncoding = 4; lastKnownFileType = sourcecode.swift; path = Version.swift; sourceTree = "<group>"; };
		D94A115622407F2300271C28 /* JSONSerializableObject.swift */ = {isa = PBXFileReference; fileEncoding = 4; lastKnownFileType = sourcecode.swift; path = JSONSerializableObject.swift; sourceTree = "<group>"; };
		D94A115822407F2300271C28 /* PublicKey.swift */ = {isa = PBXFileReference; fileEncoding = 4; lastKnownFileType = sourcecode.swift; path = PublicKey.swift; sourceTree = "<group>"; };
		D94A115B22407F2300271C28 /* AuthenticationProvider.swift */ = {isa = PBXFileReference; fileEncoding = 4; lastKnownFileType = sourcecode.swift; path = AuthenticationProvider.swift; sourceTree = "<group>"; };
		D94A116022407F2300271C28 /* Logger+Extensions.swift */ = {isa = PBXFileReference; fileEncoding = 4; lastKnownFileType = sourcecode.swift; path = "Logger+Extensions.swift"; sourceTree = "<group>"; };
		D94A116322407F2400271C28 /* SerializableObject.swift */ = {isa = PBXFileReference; fileEncoding = 4; lastKnownFileType = sourcecode.swift; path = SerializableObject.swift; sourceTree = "<group>"; };
		D94A11B02240CADD00271C28 /* SudoUserIntegrationTests.xctest */ = {isa = PBXFileReference; explicitFileType = wrapper.cfbundle; includeInIndex = 0; path = SudoUserIntegrationTests.xctest; sourceTree = BUILT_PRODUCTS_DIR; };
		D94A11B42240CADD00271C28 /* Info.plist */ = {isa = PBXFileReference; lastKnownFileType = text.plist.xml; path = Info.plist; sourceTree = "<group>"; };
		D94A11BB2240CB9300271C28 /* SudoUserIntegrationTests.swift */ = {isa = PBXFileReference; fileEncoding = 4; lastKnownFileType = sourcecode.swift; path = SudoUserIntegrationTests.swift; sourceTree = "<group>"; };
		D94A11C12240D9EB00271C28 /* TestApp.app */ = {isa = PBXFileReference; explicitFileType = wrapper.application; includeInIndex = 0; path = TestApp.app; sourceTree = BUILT_PRODUCTS_DIR; };
		D94A11C32240D9EC00271C28 /* AppDelegate.swift */ = {isa = PBXFileReference; lastKnownFileType = sourcecode.swift; path = AppDelegate.swift; sourceTree = "<group>"; };
		D94A11C52240D9EC00271C28 /* ViewController.swift */ = {isa = PBXFileReference; lastKnownFileType = sourcecode.swift; path = ViewController.swift; sourceTree = "<group>"; };
		D94A11C82240D9EC00271C28 /* Base */ = {isa = PBXFileReference; lastKnownFileType = file.storyboard; name = Base; path = Base.lproj/Main.storyboard; sourceTree = "<group>"; };
		D94A11CA2240D9ED00271C28 /* Assets.xcassets */ = {isa = PBXFileReference; lastKnownFileType = folder.assetcatalog; path = Assets.xcassets; sourceTree = "<group>"; };
		D94A11CD2240D9ED00271C28 /* Base */ = {isa = PBXFileReference; lastKnownFileType = file.storyboard; name = Base; path = Base.lproj/LaunchScreen.storyboard; sourceTree = "<group>"; };
		D94A11CF2240D9ED00271C28 /* Info.plist */ = {isa = PBXFileReference; lastKnownFileType = text.plist.xml; path = Info.plist; sourceTree = "<group>"; };
		D94A11D72240E9E500271C28 /* JWT.swift */ = {isa = PBXFileReference; lastKnownFileType = sourcecode.swift; path = JWT.swift; sourceTree = "<group>"; };
		D94DC7D8279E90BA00980F5D /* SudoUserClientError.swift */ = {isa = PBXFileReference; lastKnownFileType = sourcecode.swift; path = SudoUserClientError.swift; sourceTree = "<group>"; };
		D978DC082249D42A007CC979 /* MockSudoUserClient.swift */ = {isa = PBXFileReference; lastKnownFileType = sourcecode.swift; path = MockSudoUserClient.swift; sourceTree = "<group>"; };
		D99CE0D7230D1FE0006BE67F /* avatar.png */ = {isa = PBXFileReference; lastKnownFileType = image.png; path = avatar.png; sourceTree = "<group>"; };
		D9A68FDF22406BDC0073C07C /* SudoUser-Swift.h */ = {isa = PBXFileReference; lastKnownFileType = sourcecode.c.h; path = "SudoUser-Swift.h"; sourceTree = "<group>"; };
		D9A68FE022406BDC0073C07C /* Info.plist */ = {isa = PBXFileReference; lastKnownFileType = text.plist.xml; path = Info.plist; sourceTree = "<group>"; };
		D9A68FE522406BDC0073C07C /* SudoUserTests.xctest */ = {isa = PBXFileReference; explicitFileType = wrapper.cfbundle; includeInIndex = 0; path = SudoUserTests.xctest; sourceTree = BUILT_PRODUCTS_DIR; };
		D9A68FEA22406BDC0073C07C /* SudoUserClientTests.swift */ = {isa = PBXFileReference; lastKnownFileType = sourcecode.swift; path = SudoUserClientTests.swift; sourceTree = "<group>"; };
		D9A68FEC22406BDC0073C07C /* Info.plist */ = {isa = PBXFileReference; lastKnownFileType = text.plist.xml; path = Info.plist; sourceTree = "<group>"; };
		D9CAEF2E224369D400D8D4B5 /* NSNumber+Extensions.swift */ = {isa = PBXFileReference; fileEncoding = 4; lastKnownFileType = sourcecode.swift; path = "NSNumber+Extensions.swift"; sourceTree = "<group>"; };
		D9CAEF2F224369D400D8D4B5 /* Array+Extensions.swift */ = {isa = PBXFileReference; fileEncoding = 4; lastKnownFileType = sourcecode.swift; path = "Array+Extensions.swift"; sourceTree = "<group>"; };
		D9CAEF30224369D400D8D4B5 /* Dictionary+Extensions.swift */ = {isa = PBXFileReference; fileEncoding = 4; lastKnownFileType = sourcecode.swift; path = "Dictionary+Extensions.swift"; sourceTree = "<group>"; };
		D9CAEF31224369D400D8D4B5 /* NSLock+Extensions.swift */ = {isa = PBXFileReference; fileEncoding = 4; lastKnownFileType = sourcecode.swift; path = "NSLock+Extensions.swift"; sourceTree = "<group>"; };
		D9CAEF32224369D400D8D4B5 /* Data+Extensions.swift */ = {isa = PBXFileReference; fileEncoding = 4; lastKnownFileType = sourcecode.swift; path = "Data+Extensions.swift"; sourceTree = "<group>"; };
		D9CAEF33224369D400D8D4B5 /* Date+Extensions.swift */ = {isa = PBXFileReference; fileEncoding = 4; lastKnownFileType = sourcecode.swift; path = "Date+Extensions.swift"; sourceTree = "<group>"; };
		D9CF1825224840F900C84D45 /* AuthenticationWorker.swift */ = {isa = PBXFileReference; lastKnownFileType = sourcecode.swift; path = AuthenticationWorker.swift; sourceTree = "<group>"; };
		D9D6BD5327A249A40053B2B3 /* SignInObserversActor.swift */ = {isa = PBXFileReference; lastKnownFileType = sourcecode.swift; path = SignInObserversActor.swift; sourceTree = "<group>"; };
		D9DAF63924AAFB8B008F6F6B /* LocalAuthenticationProvider.swift */ = {isa = PBXFileReference; lastKnownFileType = sourcecode.swift; path = LocalAuthenticationProvider.swift; sourceTree = "<group>"; };
		D9F0B70A225191B800D085E1 /* TestApp.entitlements */ = {isa = PBXFileReference; lastKnownFileType = text.plist.entitlements; path = TestApp.entitlements; sourceTree = "<group>"; };
		D9F1002F2264302C00008B3F /* sandboxReceipt */ = {isa = PBXFileReference; lastKnownFileType = text; name = sandboxReceipt; path = SudoUserIntegrationTests/resources/sandboxReceipt; sourceTree = SOURCE_ROOT; };
		D9F5E000242C79AD00748742 /* TESTAuthenticationProvider.swift */ = {isa = PBXFileReference; lastKnownFileType = sourcecode.swift; path = TESTAuthenticationProvider.swift; sourceTree = "<group>"; };
		D9FD0032246227920038A040 /* DefaultSudoUserClient.swift */ = {isa = PBXFileReference; lastKnownFileType = sourcecode.swift; path = DefaultSudoUserClient.swift; sourceTree = "<group>"; };
		D9FE013F23A741F8009C0B60 /* AuthenticationTokens.swift */ = {isa = PBXFileReference; lastKnownFileType = sourcecode.swift; path = AuthenticationTokens.swift; sourceTree = "<group>"; };
/* End PBXFileReference section */

/* Begin PBXFrameworksBuildPhase section */
		D94A11AD2240CADD00271C28 /* Frameworks */ = {
			isa = PBXFrameworksBuildPhase;
			buildActionMask = 2147483647;
			files = (
				411F3BDD2D5AF7E000D6E335 /* Amplify in Frameworks */,
			);
			runOnlyForDeploymentPostprocessing = 0;
		};
		D94A11BE2240D9EB00271C28 /* Frameworks */ = {
			isa = PBXFrameworksBuildPhase;
			buildActionMask = 2147483647;
			files = (
				411F3BD22D5AD43700D6E335 /* SudoUser in Frameworks */,
			);
			runOnlyForDeploymentPostprocessing = 0;
		};
		D9A68FE222406BDC0073C07C /* Frameworks */ = {
			isa = PBXFrameworksBuildPhase;
			buildActionMask = 2147483647;
			files = (
				411F3BD92D5AD5B500D6E335 /* Amplify in Frameworks */,
			);
			runOnlyForDeploymentPostprocessing = 0;
		};
/* End PBXFrameworksBuildPhase section */

/* Begin PBXGroup section */
		41417A302D547BBF00B1A781 /* Mocks */ = {
			isa = PBXGroup;
			children = (
				41417A332D547BD700B1A781 /* ASWebAuthenticationSessionMock.swift */,
				41417A7F2D59D66C00B1A781 /* AuthenticationProviderMock.swift */,
				41417A752D5997A600B1A781 /* AuthenticationWorkerMock.swift */,
				41417A772D59983100B1A781 /* GraphQLClientMock.swift */,
				41417A6B2D5996BD00B1A781 /* KeyManagerMock.swift */,
				41417A712D59973A00B1A781 /* SignInStatusObserverMock.swift */,
				41417A312D547BCB00B1A781 /* URLSessionMock.swift */,
			);
			path = Mocks;
			sourceTree = "<group>";
		};
		41417A4E2D59672000B1A781 /* Internal */ = {
			isa = PBXGroup;
			children = (
				416058F12D5DAD2700793ABB /* Concretes */,
				416058E22D5D68E500793ABB /* Entities */,
				41417A582D5968AD00B1A781 /* Protocols */,
				41417A522D59675800B1A781 /* Extensions */,
				41417A502D59672D00B1A781 /* Utilities */,
			);
			name = Internal;
			sourceTree = "<group>";
		};
		41417A4F2D59672600B1A781 /* Public */ = {
			isa = PBXGroup;
			children = (
				41417A5B2D596D9A00B1A781 /* Mocks */,
				D929B896228BD542006E63F0 /* API */,
				41417A552D5967D900B1A781 /* Concretes */,
				41417A542D59679F00B1A781 /* Protocols */,
				41417A512D59674600B1A781 /* Entities */,
			);
			name = Public;
			sourceTree = "<group>";
		};
		41417A502D59672D00B1A781 /* Utilities */ = {
			isa = PBXGroup;
			children = (
				419456B22D6422F800218F3F /* ClientStateActor.swift */,
				416058F92D5EA9BF00793ABB /* ConfigurationTransformer.swift */,
				D9D6BD5327A249A40053B2B3 /* SignInObserversActor.swift */,
				41218F0D2D62F24F000EC9B1 /* SudoUserClientErrorTransformer.swift */,
			);
			name = Utilities;
			sourceTree = "<group>";
		};
		41417A512D59674600B1A781 /* Entities */ = {
			isa = PBXGroup;
			children = (
				D9FE013F23A741F8009C0B60 /* AuthenticationTokens.swift */,
				D94A115622407F2300271C28 /* JSONSerializableObject.swift */,
				D94A11D72240E9E500271C28 /* JWT.swift */,
				D94A114722407F2200271C28 /* RegistrationChallenge.swift */,
				D94A116322407F2400271C28 /* SerializableObject.swift */,
				D9156AF8249B306900B0EF74 /* SignInStatusObserver.swift */,
				D94DC7D8279E90BA00980F5D /* SudoUserClientError.swift */,
			);
			name = Entities;
			sourceTree = "<group>";
		};
		41417A522D59675800B1A781 /* Extensions */ = {
			isa = PBXGroup;
			children = (
				41417A652D59725200B1A781 /* APISwiftGraphQLOperation+Extensions.swift */,
				D9CAEF2F224369D400D8D4B5 /* Array+Extensions.swift */,
				D9CAEF32224369D400D8D4B5 /* Data+Extensions.swift */,
				D9CAEF33224369D400D8D4B5 /* Date+Extensions.swift */,
				D9CAEF30224369D400D8D4B5 /* Dictionary+Extensions.swift */,
				D94A116022407F2300271C28 /* Logger+Extensions.swift */,
				D9CAEF31224369D400D8D4B5 /* NSLock+Extensions.swift */,
				D9CAEF2E224369D400D8D4B5 /* NSNumber+Extensions.swift */,
				41417A602D596F4700B1A781 /* String+Extensions.swift */,
			);
			name = Extensions;
			sourceTree = "<group>";
		};
		41417A542D59679F00B1A781 /* Protocols */ = {
			isa = PBXGroup;
			children = (
				D94A114622407F2200271C28 /* AuthenticationInfo.swift */,
				D94A115B22407F2300271C28 /* AuthenticationProvider.swift */,
				416058DE2D5D651500793ABB /* PasswordGenerator.swift */,
				D94A113F22407F2200271C28 /* SudoUserClient.swift */,
			);
			name = Protocols;
			sourceTree = "<group>";
		};
		41417A552D5967D900B1A781 /* Concretes */ = {
			isa = PBXGroup;
			children = (
				D9FD0032246227920038A040 /* DefaultSudoUserClient.swift */,
				D9DAF63924AAFB8B008F6F6B /* LocalAuthenticationProvider.swift */,
				D9F5E000242C79AD00748742 /* TESTAuthenticationProvider.swift */,
			);
			name = Concretes;
			sourceTree = "<group>";
		};
		41417A582D5968AD00B1A781 /* Protocols */ = {
			isa = PBXGroup;
			children = (
				D9CF1825224840F900C84D45 /* AuthenticationWorker.swift */,
				41417A672D59735300B1A781 /* GraphQLClient.swift */,
				41417A2F2D54737C00B1A781 /* URLSessionProtocol.swift */,
			);
			name = Protocols;
			sourceTree = "<group>";
		};
		41417A5B2D596D9A00B1A781 /* Mocks */ = {
			isa = PBXGroup;
			children = (
				D978DC082249D42A007CC979 /* MockSudoUserClient.swift */,
			);
			name = Mocks;
			sourceTree = "<group>";
		};
		416058D62D5C67A300793ABB /* Utilities */ = {
			isa = PBXGroup;
			children = (
				9568CE292AF8B7E900C81F02 /* DeviceCheckClient.swift */,
			);
			path = Utilities;
			sourceTree = "<group>";
		};
		416058D92D5C74F300793ABB /* Mocks */ = {
			isa = PBXGroup;
			children = (
				416058DA2D5C74FE00793ABB /* SignInStatusObserverMock.swift */,
			);
			path = Mocks;
			sourceTree = "<group>";
		};
		416058E22D5D68E500793ABB /* Entities */ = {
			isa = PBXGroup;
			children = (
				D94A115822407F2300271C28 /* PublicKey.swift */,
				D94A114B22407F2200271C28 /* Version.swift */,
				416058F52D5EA47700793ABB /* IdentityServiceConfig.swift */,
				416058F72D5EA48A00793ABB /* FederatedSignInConfig.swift */,
				416058FB2D5EAAD600793ABB /* Constants.swift */,
			);
			name = Entities;
			sourceTree = "<group>";
		};
		416058F12D5DAD2700793ABB /* Concretes */ = {
			isa = PBXGroup;
			children = (
				D94474A3227BEDF400C0872E /* DefaultAuthenticationWorker.swift */,
				41417A692D59855000B1A781 /* DefaultGraphQLClient.swift */,
				416058E02D5D661900793ABB /* DefaultPasswordGenerator.swift */,
				418E57102D6EA449006A57FE /* DefultAPIAuthProviderFactory.swift */,
				418E57112D6EA460006A57FE /* DefaultAmplifyOIDCAuthProvider.swift */,
			);
			name = Concretes;
			sourceTree = "<group>";
		};
		D929B896228BD542006E63F0 /* API */ = {
			isa = PBXGroup;
			children = (
				41417A812D59D96F00B1A781 /* AdminAPI.swift */,
				41417A482D55D66A00B1A781 /* API.swift */,
			);
			name = API;
			sourceTree = "<group>";
		};
		D94A11B12240CADD00271C28 /* SudoUserIntegrationTests */ = {
			isa = PBXGroup;
			children = (
				416058D92D5C74F300793ABB /* Mocks */,
				416058D62D5C67A300793ABB /* Utilities */,
				D9F1002E2264301A00008B3F /* Supporting Files */,
				416058D72D5C67B500793ABB /* DeviceCheckTests.swift */,
				D94A11BB2240CB9300271C28 /* SudoUserIntegrationTests.swift */,
				D94A11B42240CADD00271C28 /* Info.plist */,
			);
			path = SudoUserIntegrationTests;
			sourceTree = "<group>";
		};
		D94A11C22240D9EC00271C28 /* TestApp */ = {
			isa = PBXGroup;
			children = (
				D9F0B70A225191B800D085E1 /* TestApp.entitlements */,
				D94A11C32240D9EC00271C28 /* AppDelegate.swift */,
				D94A11C52240D9EC00271C28 /* ViewController.swift */,
				D94A11C72240D9EC00271C28 /* Main.storyboard */,
				D94A11CA2240D9ED00271C28 /* Assets.xcassets */,
				D94A11CC2240D9ED00271C28 /* LaunchScreen.storyboard */,
				D94A11CF2240D9ED00271C28 /* Info.plist */,
				D928A86C22D8558600D270B6 /* Auth0.plist */,
				D92CD5EE25BA904800E44057 /* AlertManager.swift */,
			);
			path = TestApp;
			sourceTree = "<group>";
		};
		D9A68FD222406BDC0073C07C = {
			isa = PBXGroup;
			children = (
				D9A68FDE22406BDC0073C07C /* SudoUser */,
				D9A68FE922406BDC0073C07C /* SudoUserTests */,
				D94A11B12240CADD00271C28 /* SudoUserIntegrationTests */,
				D94A11C22240D9EC00271C28 /* TestApp */,
				E2CAD9232D399909005E6731 /* Frameworks */,
				D9A68FDD22406BDC0073C07C /* Products */,
			);
			sourceTree = "<group>";
		};
		D9A68FDD22406BDC0073C07C /* Products */ = {
			isa = PBXGroup;
			children = (
				D9A68FE522406BDC0073C07C /* SudoUserTests.xctest */,
				D94A11B02240CADD00271C28 /* SudoUserIntegrationTests.xctest */,
				D94A11C12240D9EB00271C28 /* TestApp.app */,
			);
			name = Products;
			sourceTree = "<group>";
		};
		D9A68FDE22406BDC0073C07C /* SudoUser */ = {
			isa = PBXGroup;
			children = (
				41417A4F2D59672600B1A781 /* Public */,
				41417A4E2D59672000B1A781 /* Internal */,
				D9A68FE022406BDC0073C07C /* Info.plist */,
				D9A68FDF22406BDC0073C07C /* SudoUser-Swift.h */,
			);
			path = SudoUser;
			sourceTree = "<group>";
		};
		D9A68FE922406BDC0073C07C /* SudoUserTests */ = {
			isa = PBXGroup;
			children = (
				41417A302D547BBF00B1A781 /* Mocks */,
				41417A7B2D59CF6A00B1A781 /* JSONSerializableObjectTests.swift */,
				41417A7D2D59D14300B1A781 /* JWTTests.swift */,
				416058F32D5DBF0500793ABB /* PasswordGeneratorTests.swift */,
				D9A68FEA22406BDC0073C07C /* SudoUserClientTests.swift */,
				D9A68FEC22406BDC0073C07C /* Info.plist */,
			);
			path = SudoUserTests;
			sourceTree = "<group>";
		};
		D9F1002E2264301A00008B3F /* Supporting Files */ = {
			isa = PBXGroup;
			children = (
				D9F1002F2264302C00008B3F /* sandboxReceipt */,
				D99CE0D7230D1FE0006BE67F /* avatar.png */,
			);
			name = "Supporting Files";
			path = resources;
			sourceTree = "<group>";
		};
		E2CAD9232D399909005E6731 /* Frameworks */ = {
			isa = PBXGroup;
			children = (
			);
			name = Frameworks;
			sourceTree = "<group>";
		};
/* End PBXGroup section */

/* Begin PBXNativeTarget section */
		D94A11AF2240CADD00271C28 /* SudoUserIntegrationTests */ = {
			isa = PBXNativeTarget;
			buildConfigurationList = D94A11B82240CADD00271C28 /* Build configuration list for PBXNativeTarget "SudoUserIntegrationTests" */;
			buildPhases = (
				D94A11AC2240CADD00271C28 /* Sources */,
				D94A11AD2240CADD00271C28 /* Frameworks */,
				D94A11AE2240CADD00271C28 /* Resources */,
				D98138D9224CCA7400D298B2 /* Copy TEST keys */,
			);
			buildRules = (
			);
			dependencies = (
				D94A11D42240D9FA00271C28 /* PBXTargetDependency */,
			);
			name = SudoUserIntegrationTests;
			packageProductDependencies = (
				411F3BDC2D5AF7E000D6E335 /* Amplify */,
			);
			productName = SudoUserIntegrationTests;
			productReference = D94A11B02240CADD00271C28 /* SudoUserIntegrationTests.xctest */;
			productType = "com.apple.product-type.bundle.unit-test";
		};
		D94A11C02240D9EB00271C28 /* TestApp */ = {
			isa = PBXNativeTarget;
			buildConfigurationList = D94A11D22240D9ED00271C28 /* Build configuration list for PBXNativeTarget "TestApp" */;
			buildPhases = (
				D94A11BD2240D9EB00271C28 /* Sources */,
				D94A11BE2240D9EB00271C28 /* Frameworks */,
				D94A11BF2240D9EB00271C28 /* Resources */,
				D9F0B6EB2251895A00D085E1 /* Embed Frameworks */,
				D96E98FD231CE360005994EA /* Copy Config File */,
			);
			buildRules = (
			);
			dependencies = (
			);
			name = TestApp;
			packageProductDependencies = (
				411F3BD12D5AD43700D6E335 /* SudoUser */,
			);
			productName = TestApp;
			productReference = D94A11C12240D9EB00271C28 /* TestApp.app */;
			productType = "com.apple.product-type.application";
		};
		D9A68FE422406BDC0073C07C /* SudoUserTests */ = {
			isa = PBXNativeTarget;
			buildConfigurationList = D9A68FF322406BDC0073C07C /* Build configuration list for PBXNativeTarget "SudoUserTests" */;
			buildPhases = (
				D9A68FE122406BDC0073C07C /* Sources */,
				D9A68FE222406BDC0073C07C /* Frameworks */,
				D9A68FE322406BDC0073C07C /* Resources */,
				D91F49462AB2B4600081226D /* ShellScript */,
			);
			buildRules = (
			);
			dependencies = (
				D9A029D32241C3F900FC8A06 /* PBXTargetDependency */,
			);
			name = SudoUserTests;
			packageProductDependencies = (
				411F3BD82D5AD5B500D6E335 /* Amplify */,
			);
			productName = SudoUserTests;
			productReference = D9A68FE522406BDC0073C07C /* SudoUserTests.xctest */;
			productType = "com.apple.product-type.bundle.unit-test";
		};
/* End PBXNativeTarget section */

/* Begin PBXProject section */
		D9A68FD322406BDC0073C07C /* Project object */ = {
			isa = PBXProject;
			attributes = {
				LastSwiftUpdateCheck = 1030;
				LastUpgradeCheck = 1210;
				ORGANIZATIONNAME = cchoi;
				TargetAttributes = {
					D94A11AF2240CADD00271C28 = {
						CreatedOnToolsVersion = 10.1;
						LastSwiftMigration = 1030;
						TestTargetID = D94A11C02240D9EB00271C28;
					};
					D94A11C02240D9EB00271C28 = {
						CreatedOnToolsVersion = 10.1;
						LastSwiftMigration = 1030;
						SystemCapabilities = {
							com.apple.BackgroundModes = {
								enabled = 1;
							};
							com.apple.Push = {
								enabled = 1;
							};
						};
					};
					D9A68FE422406BDC0073C07C = {
						CreatedOnToolsVersion = 10.1;
						LastSwiftMigration = 1030;
						TestTargetID = D94A11C02240D9EB00271C28;
					};
				};
			};
			buildConfigurationList = D9A68FD622406BDC0073C07C /* Build configuration list for PBXProject "SudoUser" */;
			compatibilityVersion = "Xcode 9.3";
			developmentRegion = en;
			hasScannedForEncodings = 0;
			knownRegions = (
				en,
				Base,
			);
			mainGroup = D9A68FD222406BDC0073C07C;
			packageReferences = (
				411F3BD32D5AD5B500D6E335 /* XCRemoteSwiftPackageReference "amplify-swift" */,
			);
			productRefGroup = D9A68FDD22406BDC0073C07C /* Products */;
			projectDirPath = "";
			projectRoot = "";
			targets = (
				D9A68FE422406BDC0073C07C /* SudoUserTests */,
				D94A11AF2240CADD00271C28 /* SudoUserIntegrationTests */,
				D94A11C02240D9EB00271C28 /* TestApp */,
			);
		};
/* End PBXProject section */

/* Begin PBXResourcesBuildPhase section */
		D94A11AE2240CADD00271C28 /* Resources */ = {
			isa = PBXResourcesBuildPhase;
			buildActionMask = 2147483647;
			files = (
				D99CE0D8230D1FE0006BE67F /* avatar.png in Resources */,
				D902C23E22792EDE0076F802 /* sandboxReceipt in Resources */,
			);
			runOnlyForDeploymentPostprocessing = 0;
		};
		D94A11BF2240D9EB00271C28 /* Resources */ = {
			isa = PBXResourcesBuildPhase;
			buildActionMask = 2147483647;
			files = (
				D94A11CE2240D9ED00271C28 /* LaunchScreen.storyboard in Resources */,
				D94A11CB2240D9ED00271C28 /* Assets.xcassets in Resources */,
				D94A11C92240D9EC00271C28 /* Main.storyboard in Resources */,
				D928A86D22D8558600D270B6 /* Auth0.plist in Resources */,
			);
			runOnlyForDeploymentPostprocessing = 0;
		};
		D9A68FE322406BDC0073C07C /* Resources */ = {
			isa = PBXResourcesBuildPhase;
			buildActionMask = 2147483647;
			files = (
			);
			runOnlyForDeploymentPostprocessing = 0;
		};
/* End PBXResourcesBuildPhase section */

/* Begin PBXShellScriptBuildPhase section */
		D91F49462AB2B4600081226D /* ShellScript */ = {
			isa = PBXShellScriptBuildPhase;
			buildActionMask = 2147483647;
			files = (
			);
			inputFileListPaths = (
			);
			inputPaths = (
			);
			outputFileListPaths = (
			);
			outputPaths = (
			);
			runOnlyForDeploymentPostprocessing = 0;
			shellPath = /bin/sh;
			shellScript = "# Type a script or drag a script file from your workspace to insert its path.\ncp -f config/sudoplatformconfig.json \"${TARGET_BUILD_DIR}/${UNLOCALIZED_RESOURCES_FOLDER_PATH}/\" || :\ncp -f config/fsso.key \"${TARGET_BUILD_DIR}/${UNLOCALIZED_RESOURCES_FOLDER_PATH}/\" || :\ncp -f config/fsso.id \"${TARGET_BUILD_DIR}/${UNLOCALIZED_RESOURCES_FOLDER_PATH}/\" || :\ncp -f config/register_key.id \"${TARGET_BUILD_DIR}/${UNLOCALIZED_RESOURCES_FOLDER_PATH}/\" || :\ncp -f config/register_key.private \"${TARGET_BUILD_DIR}/${UNLOCALIZED_RESOURCES_FOLDER_PATH}/\" || :\n";
		};
		D96E98FD231CE360005994EA /* Copy Config File */ = {
			isa = PBXShellScriptBuildPhase;
			buildActionMask = 2147483647;
			files = (
			);
			inputFileListPaths = (
			);
			inputPaths = (
			);
			name = "Copy Config File";
			outputFileListPaths = (
			);
			outputPaths = (
			);
			runOnlyForDeploymentPostprocessing = 0;
			shellPath = /bin/sh;
			shellScript = "# Type a script or drag a script file from your workspace to insert its path.\ncp -f config/sudoplatformconfig.json \"${TARGET_BUILD_DIR}/${UNLOCALIZED_RESOURCES_FOLDER_PATH}/\" || :\ncp -f config/fsso.key \"${TARGET_BUILD_DIR}/${UNLOCALIZED_RESOURCES_FOLDER_PATH}/\" || :\ncp -f config/fsso.id \"${TARGET_BUILD_DIR}/${UNLOCALIZED_RESOURCES_FOLDER_PATH}/\" || :\ncp -f config/register_key.id \"${TARGET_BUILD_DIR}/${UNLOCALIZED_RESOURCES_FOLDER_PATH}/\" || :\ncp -f config/register_key.private \"${TARGET_BUILD_DIR}/${UNLOCALIZED_RESOURCES_FOLDER_PATH}/\" || :\n\n";
		};
		D98138D9224CCA7400D298B2 /* Copy TEST keys */ = {
			isa = PBXShellScriptBuildPhase;
			buildActionMask = 2147483647;
			files = (
			);
			inputFileListPaths = (
			);
			inputPaths = (
			);
			name = "Copy TEST keys";
			outputFileListPaths = (
			);
			outputPaths = (
			);
			runOnlyForDeploymentPostprocessing = 0;
			shellPath = /bin/sh;
			shellScript = "cp -f config/sudoplatformconfig.json \"${TARGET_BUILD_DIR}/${UNLOCALIZED_RESOURCES_FOLDER_PATH}/\" || :\ncp -f config/fsso.key \"${TARGET_BUILD_DIR}/${UNLOCALIZED_RESOURCES_FOLDER_PATH}/\" || :\ncp -f config/fsso.id \"${TARGET_BUILD_DIR}/${UNLOCALIZED_RESOURCES_FOLDER_PATH}/\" || :\ncp -f config/register_key.id \"${TARGET_BUILD_DIR}/${UNLOCALIZED_RESOURCES_FOLDER_PATH}/\" || :\ncp -f config/register_key.private \"${TARGET_BUILD_DIR}/${UNLOCALIZED_RESOURCES_FOLDER_PATH}/\" || :\n";
		};
/* End PBXShellScriptBuildPhase section */

/* Begin PBXSourcesBuildPhase section */
		D94A11AC2240CADD00271C28 /* Sources */ = {
			isa = PBXSourcesBuildPhase;
			buildActionMask = 2147483647;
			files = (
				41417A5A2D596D7C00B1A781 /* DeviceCheckClient.swift in Sources */,
				416058D82D5C67B500793ABB /* DeviceCheckTests.swift in Sources */,
				D94A11BC2240CB9300271C28 /* SudoUserIntegrationTests.swift in Sources */,
				416058DB2D5C74FE00793ABB /* SignInStatusObserverMock.swift in Sources */,
			);
			runOnlyForDeploymentPostprocessing = 0;
		};
		D94A11BD2240D9EB00271C28 /* Sources */ = {
			isa = PBXSourcesBuildPhase;
			buildActionMask = 2147483647;
			files = (
				D92CD5EF25BA904800E44057 /* AlertManager.swift in Sources */,
				D94A11C62240D9EC00271C28 /* ViewController.swift in Sources */,
				D94A11C42240D9EC00271C28 /* AppDelegate.swift in Sources */,
			);
			runOnlyForDeploymentPostprocessing = 0;
		};
		D9A68FE122406BDC0073C07C /* Sources */ = {
			isa = PBXSourcesBuildPhase;
			buildActionMask = 2147483647;
			files = (
				41417A7C2D59CF6A00B1A781 /* JSONSerializableObjectTests.swift in Sources */,
				41417A822D59D96F00B1A781 /* AdminAPI.swift in Sources */,
				416058F42D5DBF0500793ABB /* PasswordGeneratorTests.swift in Sources */,
				41417A7E2D59D14300B1A781 /* JWTTests.swift in Sources */,
				41417A762D5997A600B1A781 /* AuthenticationWorkerMock.swift in Sources */,
				41417A802D59D66C00B1A781 /* AuthenticationProviderMock.swift in Sources */,
				41417A342D547BD700B1A781 /* ASWebAuthenticationSessionMock.swift in Sources */,
				416058FC2D5EAAD600793ABB /* Constants.swift in Sources */,
				41417A6C2D5996BD00B1A781 /* KeyManagerMock.swift in Sources */,
				41417A322D547BCB00B1A781 /* URLSessionMock.swift in Sources */,
				416058DF2D5D651500793ABB /* PasswordGenerator.swift in Sources */,
				416058E12D5D661900793ABB /* DefaultPasswordGenerator.swift in Sources */,
				D9A68FEB22406BDC0073C07C /* SudoUserClientTests.swift in Sources */,
				41417A782D59983100B1A781 /* GraphQLClientMock.swift in Sources */,
				41417A722D59973A00B1A781 /* SignInStatusObserverMock.swift in Sources */,
			);
			runOnlyForDeploymentPostprocessing = 0;
		};
/* End PBXSourcesBuildPhase section */

/* Begin PBXTargetDependency section */
		D94A11D42240D9FA00271C28 /* PBXTargetDependency */ = {
			isa = PBXTargetDependency;
			target = D94A11C02240D9EB00271C28 /* TestApp */;
			targetProxy = D94A11D32240D9FA00271C28 /* PBXContainerItemProxy */;
		};
		D9A029D32241C3F900FC8A06 /* PBXTargetDependency */ = {
			isa = PBXTargetDependency;
			target = D94A11C02240D9EB00271C28 /* TestApp */;
			targetProxy = D9A029D22241C3F900FC8A06 /* PBXContainerItemProxy */;
		};
/* End PBXTargetDependency section */

/* Begin PBXVariantGroup section */
		D94A11C72240D9EC00271C28 /* Main.storyboard */ = {
			isa = PBXVariantGroup;
			children = (
				D94A11C82240D9EC00271C28 /* Base */,
			);
			name = Main.storyboard;
			sourceTree = "<group>";
		};
		D94A11CC2240D9ED00271C28 /* LaunchScreen.storyboard */ = {
			isa = PBXVariantGroup;
			children = (
				D94A11CD2240D9ED00271C28 /* Base */,
			);
			name = LaunchScreen.storyboard;
			sourceTree = "<group>";
		};
/* End PBXVariantGroup section */

/* Begin XCBuildConfiguration section */
		D94A11B92240CADD00271C28 /* Debug */ = {
			isa = XCBuildConfiguration;
			buildSettings = {
				BUNDLE_LOADER = "$(TEST_HOST)";
				CLANG_ENABLE_MODULES = YES;
				CODE_SIGN_STYLE = Automatic;
				DEVELOPMENT_TEAM = 33X5MJEM2D;
				INFOPLIST_FILE = SudoUserIntegrationTests/Info.plist;
				LD_RUNPATH_SEARCH_PATHS = (
					"$(inherited)",
					"@executable_path/Frameworks",
					"@loader_path/Frameworks",
				);
				PRODUCT_BUNDLE_IDENTIFIER = com.sudoplatform.SudoUserIntegrationTests;
				PRODUCT_NAME = "$(TARGET_NAME)";
				SUPPORTED_PLATFORMS = "iphoneos iphonesimulator";
				SUPPORTS_MACCATALYST = NO;
				SUPPORTS_MAC_DESIGNED_FOR_IPHONE_IPAD = NO;
				SUPPORTS_XR_DESIGNED_FOR_IPHONE_IPAD = NO;
				SWIFT_OPTIMIZATION_LEVEL = "-Onone";
				TARGETED_DEVICE_FAMILY = "1,2";
				TEST_HOST = "$(BUILT_PRODUCTS_DIR)/TestApp.app/TestApp";
			};
			name = Debug;
		};
		D94A11BA2240CADD00271C28 /* Release */ = {
			isa = XCBuildConfiguration;
			buildSettings = {
				BUNDLE_LOADER = "$(TEST_HOST)";
				CLANG_ENABLE_MODULES = YES;
				CODE_SIGN_STYLE = Automatic;
				DEVELOPMENT_TEAM = 33X5MJEM2D;
				INFOPLIST_FILE = SudoUserIntegrationTests/Info.plist;
				LD_RUNPATH_SEARCH_PATHS = (
					"$(inherited)",
					"@executable_path/Frameworks",
					"@loader_path/Frameworks",
				);
				PRODUCT_BUNDLE_IDENTIFIER = com.sudoplatform.SudoUserIntegrationTests;
				PRODUCT_NAME = "$(TARGET_NAME)";
				SUPPORTED_PLATFORMS = "iphoneos iphonesimulator";
				SUPPORTS_MACCATALYST = NO;
				SUPPORTS_MAC_DESIGNED_FOR_IPHONE_IPAD = NO;
				SUPPORTS_XR_DESIGNED_FOR_IPHONE_IPAD = NO;
				TARGETED_DEVICE_FAMILY = "1,2";
				TEST_HOST = "$(BUILT_PRODUCTS_DIR)/TestApp.app/TestApp";
			};
			name = Release;
		};
		D94A11D02240D9ED00271C28 /* Debug */ = {
			isa = XCBuildConfiguration;
			buildSettings = {
				ALWAYS_EMBED_SWIFT_STANDARD_LIBRARIES = YES;
				ASSETCATALOG_COMPILER_APPICON_NAME = AppIcon;
				CODE_SIGN_ENTITLEMENTS = TestApp/TestApp.entitlements;
				CODE_SIGN_STYLE = Automatic;
				DEVELOPMENT_TEAM = 33X5MJEM2D;
				INFOPLIST_FILE = TestApp/Info.plist;
				IPHONEOS_DEPLOYMENT_TARGET = 15.0;
				LD_RUNPATH_SEARCH_PATHS = (
					"$(inherited)",
					"@executable_path/Frameworks",
				);
				PRODUCT_BUNDLE_IDENTIFIER = com.sudoplatform.internal.testapp;
				PRODUCT_NAME = "$(TARGET_NAME)";
				SUPPORTED_PLATFORMS = "iphoneos iphonesimulator";
				SUPPORTS_MACCATALYST = NO;
				SUPPORTS_MAC_DESIGNED_FOR_IPHONE_IPAD = NO;
				SUPPORTS_XR_DESIGNED_FOR_IPHONE_IPAD = NO;
				TARGETED_DEVICE_FAMILY = "1,2";
			};
			name = Debug;
		};
		D94A11D12240D9ED00271C28 /* Release */ = {
			isa = XCBuildConfiguration;
			buildSettings = {
				ALWAYS_EMBED_SWIFT_STANDARD_LIBRARIES = YES;
				ASSETCATALOG_COMPILER_APPICON_NAME = AppIcon;
				CODE_SIGN_ENTITLEMENTS = TestApp/TestApp.entitlements;
				CODE_SIGN_STYLE = Automatic;
				DEVELOPMENT_TEAM = 33X5MJEM2D;
				ENABLE_TESTABILITY = YES;
				INFOPLIST_FILE = TestApp/Info.plist;
				IPHONEOS_DEPLOYMENT_TARGET = 15.0;
				LD_RUNPATH_SEARCH_PATHS = (
					"$(inherited)",
					"@executable_path/Frameworks",
				);
				PRODUCT_BUNDLE_IDENTIFIER = com.sudoplatform.internal.testapp;
				PRODUCT_NAME = "$(TARGET_NAME)";
				SUPPORTED_PLATFORMS = "iphoneos iphonesimulator";
				SUPPORTS_MACCATALYST = NO;
				SUPPORTS_MAC_DESIGNED_FOR_IPHONE_IPAD = NO;
				SUPPORTS_XR_DESIGNED_FOR_IPHONE_IPAD = NO;
				TARGETED_DEVICE_FAMILY = "1,2";
			};
			name = Release;
		};
		D9A68FEE22406BDC0073C07C /* Debug */ = {
			isa = XCBuildConfiguration;
			buildSettings = {
				ALWAYS_SEARCH_USER_PATHS = NO;
				CLANG_ANALYZER_NONNULL = YES;
				CLANG_ANALYZER_NUMBER_OBJECT_CONVERSION = YES_AGGRESSIVE;
				CLANG_CXX_LANGUAGE_STANDARD = "gnu++14";
				CLANG_CXX_LIBRARY = "libc++";
				CLANG_ENABLE_MODULES = YES;
				CLANG_ENABLE_OBJC_ARC = YES;
				CLANG_ENABLE_OBJC_WEAK = YES;
				CLANG_WARN_BLOCK_CAPTURE_AUTORELEASING = YES;
				CLANG_WARN_BOOL_CONVERSION = YES;
				CLANG_WARN_COMMA = YES;
				CLANG_WARN_CONSTANT_CONVERSION = YES;
				CLANG_WARN_DEPRECATED_OBJC_IMPLEMENTATIONS = YES;
				CLANG_WARN_DIRECT_OBJC_ISA_USAGE = YES_ERROR;
				CLANG_WARN_DOCUMENTATION_COMMENTS = YES;
				CLANG_WARN_EMPTY_BODY = YES;
				CLANG_WARN_ENUM_CONVERSION = YES;
				CLANG_WARN_INFINITE_RECURSION = YES;
				CLANG_WARN_INT_CONVERSION = YES;
				CLANG_WARN_NON_LITERAL_NULL_CONVERSION = YES;
				CLANG_WARN_OBJC_IMPLICIT_RETAIN_SELF = YES;
				CLANG_WARN_OBJC_LITERAL_CONVERSION = YES;
				CLANG_WARN_OBJC_ROOT_CLASS = YES_ERROR;
				CLANG_WARN_QUOTED_INCLUDE_IN_FRAMEWORK_HEADER = YES;
				CLANG_WARN_RANGE_LOOP_ANALYSIS = YES;
				CLANG_WARN_STRICT_PROTOTYPES = YES;
				CLANG_WARN_SUSPICIOUS_MOVE = YES;
				CLANG_WARN_UNGUARDED_AVAILABILITY = YES_AGGRESSIVE;
				CLANG_WARN_UNREACHABLE_CODE = YES;
				CLANG_WARN__DUPLICATE_METHOD_MATCH = YES;
				CODE_SIGN_IDENTITY = "iPhone Developer";
				COPY_PHASE_STRIP = NO;
				CURRENT_PROJECT_VERSION = 1;
				DEBUG_INFORMATION_FORMAT = dwarf;
				ENABLE_STRICT_OBJC_MSGSEND = YES;
				ENABLE_TESTABILITY = YES;
				GCC_C_LANGUAGE_STANDARD = gnu11;
				GCC_DYNAMIC_NO_PIC = NO;
				GCC_NO_COMMON_BLOCKS = YES;
				GCC_OPTIMIZATION_LEVEL = 0;
				GCC_PREPROCESSOR_DEFINITIONS = (
					"DEBUG=1",
					"$(inherited)",
				);
				GCC_WARN_64_TO_32_BIT_CONVERSION = YES;
				GCC_WARN_ABOUT_RETURN_TYPE = YES_ERROR;
				GCC_WARN_UNDECLARED_SELECTOR = YES;
				GCC_WARN_UNINITIALIZED_AUTOS = YES_AGGRESSIVE;
				GCC_WARN_UNUSED_FUNCTION = YES;
				GCC_WARN_UNUSED_VARIABLE = YES;
				IPHONEOS_DEPLOYMENT_TARGET = 15.0;
				MTL_ENABLE_DEBUG_INFO = INCLUDE_SOURCE;
				MTL_FAST_MATH = YES;
				ONLY_ACTIVE_ARCH = YES;
				SDKROOT = iphoneos;
				SWIFT_ACTIVE_COMPILATION_CONDITIONS = DEBUG;
				SWIFT_OPTIMIZATION_LEVEL = "-Onone";
				SWIFT_VERSION = 5.0;
				VERSIONING_SYSTEM = "apple-generic";
				VERSION_INFO_PREFIX = "";
			};
			name = Debug;
		};
		D9A68FEF22406BDC0073C07C /* Release */ = {
			isa = XCBuildConfiguration;
			buildSettings = {
				ALWAYS_SEARCH_USER_PATHS = NO;
				CLANG_ANALYZER_NONNULL = YES;
				CLANG_ANALYZER_NUMBER_OBJECT_CONVERSION = YES_AGGRESSIVE;
				CLANG_CXX_LANGUAGE_STANDARD = "gnu++14";
				CLANG_CXX_LIBRARY = "libc++";
				CLANG_ENABLE_MODULES = YES;
				CLANG_ENABLE_OBJC_ARC = YES;
				CLANG_ENABLE_OBJC_WEAK = YES;
				CLANG_WARN_BLOCK_CAPTURE_AUTORELEASING = YES;
				CLANG_WARN_BOOL_CONVERSION = YES;
				CLANG_WARN_COMMA = YES;
				CLANG_WARN_CONSTANT_CONVERSION = YES;
				CLANG_WARN_DEPRECATED_OBJC_IMPLEMENTATIONS = YES;
				CLANG_WARN_DIRECT_OBJC_ISA_USAGE = YES_ERROR;
				CLANG_WARN_DOCUMENTATION_COMMENTS = YES;
				CLANG_WARN_EMPTY_BODY = YES;
				CLANG_WARN_ENUM_CONVERSION = YES;
				CLANG_WARN_INFINITE_RECURSION = YES;
				CLANG_WARN_INT_CONVERSION = YES;
				CLANG_WARN_NON_LITERAL_NULL_CONVERSION = YES;
				CLANG_WARN_OBJC_IMPLICIT_RETAIN_SELF = YES;
				CLANG_WARN_OBJC_LITERAL_CONVERSION = YES;
				CLANG_WARN_OBJC_ROOT_CLASS = YES_ERROR;
				CLANG_WARN_QUOTED_INCLUDE_IN_FRAMEWORK_HEADER = YES;
				CLANG_WARN_RANGE_LOOP_ANALYSIS = YES;
				CLANG_WARN_STRICT_PROTOTYPES = YES;
				CLANG_WARN_SUSPICIOUS_MOVE = YES;
				CLANG_WARN_UNGUARDED_AVAILABILITY = YES_AGGRESSIVE;
				CLANG_WARN_UNREACHABLE_CODE = YES;
				CLANG_WARN__DUPLICATE_METHOD_MATCH = YES;
				CODE_SIGN_IDENTITY = "iPhone Developer";
				COPY_PHASE_STRIP = NO;
				CURRENT_PROJECT_VERSION = 1;
				DEBUG_INFORMATION_FORMAT = "dwarf-with-dsym";
				ENABLE_NS_ASSERTIONS = NO;
				ENABLE_STRICT_OBJC_MSGSEND = YES;
				GCC_C_LANGUAGE_STANDARD = gnu11;
				GCC_NO_COMMON_BLOCKS = YES;
				GCC_WARN_64_TO_32_BIT_CONVERSION = YES;
				GCC_WARN_ABOUT_RETURN_TYPE = YES_ERROR;
				GCC_WARN_UNDECLARED_SELECTOR = YES;
				GCC_WARN_UNINITIALIZED_AUTOS = YES_AGGRESSIVE;
				GCC_WARN_UNUSED_FUNCTION = YES;
				GCC_WARN_UNUSED_VARIABLE = YES;
				IPHONEOS_DEPLOYMENT_TARGET = 15.0;
				MTL_ENABLE_DEBUG_INFO = NO;
				MTL_FAST_MATH = YES;
				SDKROOT = iphoneos;
				SWIFT_COMPILATION_MODE = wholemodule;
				SWIFT_OPTIMIZATION_LEVEL = "-O";
				SWIFT_VERSION = 5.0;
				VALIDATE_PRODUCT = YES;
				VERSIONING_SYSTEM = "apple-generic";
				VERSION_INFO_PREFIX = "";
			};
			name = Release;
		};
		D9A68FF422406BDC0073C07C /* Debug */ = {
			isa = XCBuildConfiguration;
			buildSettings = {
				ALWAYS_EMBED_SWIFT_STANDARD_LIBRARIES = YES;
				BUNDLE_LOADER = "$(TEST_HOST)";
				CODE_SIGN_STYLE = Automatic;
				DEVELOPMENT_TEAM = 33X5MJEM2D;
				EXCLUDED_ARCHS = "";
				INFOPLIST_FILE = SudoUserTests/Info.plist;
				LD_RUNPATH_SEARCH_PATHS = (
					"$(inherited)",
					"@executable_path/Frameworks",
					"@loader_path/Frameworks",
				);
				PRODUCT_BUNDLE_IDENTIFIER = com.sudoplatform.SudoUserTests;
				PRODUCT_NAME = "$(TARGET_NAME)";
				SUPPORTED_PLATFORMS = "iphoneos iphonesimulator";
				SUPPORTS_MACCATALYST = NO;
				SUPPORTS_MAC_DESIGNED_FOR_IPHONE_IPAD = NO;
				SUPPORTS_XR_DESIGNED_FOR_IPHONE_IPAD = NO;
				TARGETED_DEVICE_FAMILY = "1,2";
				TEST_HOST = "$(BUILT_PRODUCTS_DIR)/TestApp.app/$(BUNDLE_EXECUTABLE_FOLDER_PATH)/TestApp";
			};
			name = Debug;
		};
		D9A68FF522406BDC0073C07C /* Release */ = {
			isa = XCBuildConfiguration;
			buildSettings = {
				ALWAYS_EMBED_SWIFT_STANDARD_LIBRARIES = YES;
				BUNDLE_LOADER = "$(TEST_HOST)";
				CODE_SIGN_STYLE = Automatic;
				DEVELOPMENT_TEAM = 33X5MJEM2D;
				EXCLUDED_ARCHS = "";
				INFOPLIST_FILE = SudoUserTests/Info.plist;
				LD_RUNPATH_SEARCH_PATHS = (
					"$(inherited)",
					"@executable_path/Frameworks",
					"@loader_path/Frameworks",
				);
				ONLY_ACTIVE_ARCH = YES;
				PRODUCT_BUNDLE_IDENTIFIER = com.sudoplatform.SudoUserTests;
				PRODUCT_NAME = "$(TARGET_NAME)";
				SUPPORTED_PLATFORMS = "iphoneos iphonesimulator";
				SUPPORTS_MACCATALYST = NO;
				SUPPORTS_MAC_DESIGNED_FOR_IPHONE_IPAD = NO;
				SUPPORTS_XR_DESIGNED_FOR_IPHONE_IPAD = NO;
				TARGETED_DEVICE_FAMILY = "1,2";
				TEST_HOST = "$(BUILT_PRODUCTS_DIR)/TestApp.app/$(BUNDLE_EXECUTABLE_FOLDER_PATH)/TestApp";
			};
			name = Release;
		};
/* End XCBuildConfiguration section */

/* Begin XCConfigurationList section */
		D94A11B82240CADD00271C28 /* Build configuration list for PBXNativeTarget "SudoUserIntegrationTests" */ = {
			isa = XCConfigurationList;
			buildConfigurations = (
				D94A11B92240CADD00271C28 /* Debug */,
				D94A11BA2240CADD00271C28 /* Release */,
			);
			defaultConfigurationIsVisible = 0;
			defaultConfigurationName = Release;
		};
		D94A11D22240D9ED00271C28 /* Build configuration list for PBXNativeTarget "TestApp" */ = {
			isa = XCConfigurationList;
			buildConfigurations = (
				D94A11D02240D9ED00271C28 /* Debug */,
				D94A11D12240D9ED00271C28 /* Release */,
			);
			defaultConfigurationIsVisible = 0;
			defaultConfigurationName = Release;
		};
		D9A68FD622406BDC0073C07C /* Build configuration list for PBXProject "SudoUser" */ = {
			isa = XCConfigurationList;
			buildConfigurations = (
				D9A68FEE22406BDC0073C07C /* Debug */,
				D9A68FEF22406BDC0073C07C /* Release */,
			);
			defaultConfigurationIsVisible = 0;
			defaultConfigurationName = Release;
		};
		D9A68FF322406BDC0073C07C /* Build configuration list for PBXNativeTarget "SudoUserTests" */ = {
			isa = XCConfigurationList;
			buildConfigurations = (
				D9A68FF422406BDC0073C07C /* Debug */,
				D9A68FF522406BDC0073C07C /* Release */,
			);
			defaultConfigurationIsVisible = 0;
			defaultConfigurationName = Release;
		};
/* End XCConfigurationList section */

/* Begin XCRemoteSwiftPackageReference section */
		411F3BD32D5AD5B500D6E335 /* XCRemoteSwiftPackageReference "amplify-swift" */ = {
			isa = XCRemoteSwiftPackageReference;
			repositoryURL = "https://github.com/aws-amplify/amplify-swift";
			requirement = {
				kind = upToNextMajorVersion;
				minimumVersion = 2.45.4;
			};
		};
/* End XCRemoteSwiftPackageReference section */

/* Begin XCSwiftPackageProductDependency section */
		411F3BD12D5AD43700D6E335 /* SudoUser */ = {
			isa = XCSwiftPackageProductDependency;
			productName = SudoUser;
		};
		411F3BD82D5AD5B500D6E335 /* Amplify */ = {
			isa = XCSwiftPackageProductDependency;
			package = 411F3BD32D5AD5B500D6E335 /* XCRemoteSwiftPackageReference "amplify-swift" */;
			productName = Amplify;
		};
		411F3BDC2D5AF7E000D6E335 /* Amplify */ = {
			isa = XCSwiftPackageProductDependency;
			package = 411F3BD32D5AD5B500D6E335 /* XCRemoteSwiftPackageReference "amplify-swift" */;
			productName = Amplify;
		};
/* End XCSwiftPackageProductDependency section */
	};
	rootObject = D9A68FD322406BDC0073C07C /* Project object */;
}
